// !$*UTF8*$!
{
	archiveVersion = 1;
	classes = {
	};
	objectVersion = 46;
	objects = {

/* Begin PBXBuildFile section */
		1104F49717754A6E003EAA2B /* Atomic.h in Headers */ = {isa = PBXBuildFile; fileRef = 1104F46317754A6E003EAA2B /* Atomic.h */; };
		1104F49817754A6E003EAA2B /* audio.cpp in Sources */ = {isa = PBXBuildFile; fileRef = 1104F46417754A6E003EAA2B /* audio.cpp */; };
		1104F49917754A6E003EAA2B /* audio.h in Headers */ = {isa = PBXBuildFile; fileRef = 1104F46517754A6E003EAA2B /* audio.h */; };
		1104F49A17754A6E003EAA2B /* Buffer.h in Headers */ = {isa = PBXBuildFile; fileRef = 1104F46617754A6E003EAA2B /* Buffer.h */; };
		1104F49B17754A6E003EAA2B /* ContextAudioUnit.cpp in Sources */ = {isa = PBXBuildFile; fileRef = 1104F46817754A6E003EAA2B /* ContextAudioUnit.cpp */; };
		1104F49C17754A6E003EAA2B /* ContextAudioUnit.h in Headers */ = {isa = PBXBuildFile; fileRef = 1104F46917754A6E003EAA2B /* ContextAudioUnit.h */; };
		1104F4A217754A6E003EAA2B /* DeviceManagerCoreAudio.h in Headers */ = {isa = PBXBuildFile; fileRef = 1104F46F17754A6E003EAA2B /* DeviceManagerCoreAudio.h */; };
		1104F4A317754A6E003EAA2B /* FileCoreAudio.cpp in Sources */ = {isa = PBXBuildFile; fileRef = 1104F47017754A6E003EAA2B /* FileCoreAudio.cpp */; };
		1104F4A417754A6E003EAA2B /* FileCoreAudio.h in Headers */ = {isa = PBXBuildFile; fileRef = 1104F47117754A6E003EAA2B /* FileCoreAudio.h */; };
		1104F4A717754A6E003EAA2B /* Context.cpp in Sources */ = {isa = PBXBuildFile; fileRef = 1104F47417754A6E003EAA2B /* Context.cpp */; };
		1104F4A817754A6E003EAA2B /* Context.h in Headers */ = {isa = PBXBuildFile; fileRef = 1104F47517754A6E003EAA2B /* Context.h */; };
		1104F4A917754A6E003EAA2B /* Debug.h in Headers */ = {isa = PBXBuildFile; fileRef = 1104F47617754A6E003EAA2B /* Debug.h */; };
		1104F4AA17754A6E003EAA2B /* Device.cpp in Sources */ = {isa = PBXBuildFile; fileRef = 1104F47717754A6E003EAA2B /* Device.cpp */; };
		1104F4AB17754A6E003EAA2B /* Device.h in Headers */ = {isa = PBXBuildFile; fileRef = 1104F47817754A6E003EAA2B /* Device.h */; };
		1104F4AC17754A6E003EAA2B /* Dsp.cpp in Sources */ = {isa = PBXBuildFile; fileRef = 1104F47917754A6E003EAA2B /* Dsp.cpp */; };
		1104F4AD17754A6E003EAA2B /* Dsp.h in Headers */ = {isa = PBXBuildFile; fileRef = 1104F47A17754A6E003EAA2B /* Dsp.h */; };
		1104F4AF17754A6E003EAA2B /* Fft.cpp in Sources */ = {isa = PBXBuildFile; fileRef = 1104F47C17754A6E003EAA2B /* Fft.cpp */; };
		1104F4B017754A6E003EAA2B /* Fft.h in Headers */ = {isa = PBXBuildFile; fileRef = 1104F47D17754A6E003EAA2B /* Fft.h */; };
		1104F4B117754A6E003EAA2B /* File.cpp in Sources */ = {isa = PBXBuildFile; fileRef = 1104F47E17754A6E003EAA2B /* File.cpp */; };
		1104F4B217754A6E003EAA2B /* File.h in Headers */ = {isa = PBXBuildFile; fileRef = 1104F47F17754A6E003EAA2B /* File.h */; };
		1104F4B317754A6E003EAA2B /* NodeSource.cpp in Sources */ = {isa = PBXBuildFile; fileRef = 1104F48017754A6E003EAA2B /* NodeSource.cpp */; };
		1104F4B417754A6E003EAA2B /* NodeSource.h in Headers */ = {isa = PBXBuildFile; fileRef = 1104F48117754A6E003EAA2B /* NodeSource.h */; };
		1104F4C417754A6E003EAA2B /* RingBuffer.h in Headers */ = {isa = PBXBuildFile; fileRef = 1104F49217754A6E003EAA2B /* RingBuffer.h */; };
		1104F4C717754A6E003EAA2B /* Gui.h in Headers */ = {isa = PBXBuildFile; fileRef = 1104F49517754A6E003EAA2B /* Gui.h */; };
		11446DB417E64CCD00457AC6 /* NodeEffect.h in Headers */ = {isa = PBXBuildFile; fileRef = 11446DAF17E64CCD00457AC6 /* NodeEffect.h */; };
		11446DB517E64CCD00457AC6 /* NodeEffect.h in Headers */ = {isa = PBXBuildFile; fileRef = 11446DAF17E64CCD00457AC6 /* NodeEffect.h */; };
		11446DB617E64CCD00457AC6 /* NodeTap.cpp in Sources */ = {isa = PBXBuildFile; fileRef = 11446DB017E64CCD00457AC6 /* NodeTap.cpp */; };
		11446DB717E64CCD00457AC6 /* NodeTap.cpp in Sources */ = {isa = PBXBuildFile; fileRef = 11446DB017E64CCD00457AC6 /* NodeTap.cpp */; };
		11446DB817E64CCD00457AC6 /* NodeTap.h in Headers */ = {isa = PBXBuildFile; fileRef = 11446DB117E64CCD00457AC6 /* NodeTap.h */; };
		11446DB917E64CCD00457AC6 /* NodeTap.h in Headers */ = {isa = PBXBuildFile; fileRef = 11446DB117E64CCD00457AC6 /* NodeTap.h */; };
		11446DBA17E64CCD00457AC6 /* NodeTarget.cpp in Sources */ = {isa = PBXBuildFile; fileRef = 11446DB217E64CCD00457AC6 /* NodeTarget.cpp */; };
		11446DBB17E64CCD00457AC6 /* NodeTarget.cpp in Sources */ = {isa = PBXBuildFile; fileRef = 11446DB217E64CCD00457AC6 /* NodeTarget.cpp */; };
		11446DBC17E64CCD00457AC6 /* NodeTarget.h in Headers */ = {isa = PBXBuildFile; fileRef = 11446DB317E64CCD00457AC6 /* NodeTarget.h */; };
		11446DBD17E64CCD00457AC6 /* NodeTarget.h in Headers */ = {isa = PBXBuildFile; fileRef = 11446DB317E64CCD00457AC6 /* NodeTarget.h */; };
		1180FD8B17AB7CB70070AC30 /* Node.cpp in Sources */ = {isa = PBXBuildFile; fileRef = 1180FD8917AB7CB70070AC30 /* Node.cpp */; };
		1180FD8C17AB7CB70070AC30 /* Node.cpp in Sources */ = {isa = PBXBuildFile; fileRef = 1180FD8917AB7CB70070AC30 /* Node.cpp */; };
		1180FD8D17AB7CB70070AC30 /* Node.h in Headers */ = {isa = PBXBuildFile; fileRef = 1180FD8A17AB7CB70070AC30 /* Node.h */; };
		1180FD8E17AB7CB70070AC30 /* Node.h in Headers */ = {isa = PBXBuildFile; fileRef = 1180FD8A17AB7CB70070AC30 /* Node.h */; };
		11A669EE17E9623B003DF9B1 /* CinderAssert.cpp in Sources */ = {isa = PBXBuildFile; fileRef = 11A669ED17E9623B003DF9B1 /* CinderAssert.cpp */; };
		11A669EF17E9623B003DF9B1 /* CinderAssert.cpp in Sources */ = {isa = PBXBuildFile; fileRef = 11A669ED17E9623B003DF9B1 /* CinderAssert.cpp */; };
		11B041B0179B89F80034BEE2 /* Plot.cpp in Sources */ = {isa = PBXBuildFile; fileRef = 11B041AE179B89F80034BEE2 /* Plot.cpp */; };
		11B041B1179B89F80034BEE2 /* Plot.h in Headers */ = {isa = PBXBuildFile; fileRef = 11B041AF179B89F80034BEE2 /* Plot.h */; };
		11B041B3179B8A0C0034BEE2 /* CinderAssert.h in Headers */ = {isa = PBXBuildFile; fileRef = 11B041B2179B8A0C0034BEE2 /* CinderAssert.h */; };
		11B041F4179B90450034BEE2 /* NodeSource.cpp in Sources */ = {isa = PBXBuildFile; fileRef = 1104F48017754A6E003EAA2B /* NodeSource.cpp */; };
		11B041F6179B90450034BEE2 /* CinderCoreAudio.cpp in Sources */ = {isa = PBXBuildFile; fileRef = 11C58DE7177943DA00DF99F8 /* CinderCoreAudio.cpp */; };
		11B041F7179B90450034BEE2 /* Dsp.cpp in Sources */ = {isa = PBXBuildFile; fileRef = 1104F47917754A6E003EAA2B /* Dsp.cpp */; };
		11B041F8179B90450034BEE2 /* Device.cpp in Sources */ = {isa = PBXBuildFile; fileRef = 1104F47717754A6E003EAA2B /* Device.cpp */; };
		11B041FA179B90450034BEE2 /* Context.cpp in Sources */ = {isa = PBXBuildFile; fileRef = 1104F47417754A6E003EAA2B /* Context.cpp */; };
		11B041FB179B90450034BEE2 /* ContextAudioUnit.cpp in Sources */ = {isa = PBXBuildFile; fileRef = 1104F46817754A6E003EAA2B /* ContextAudioUnit.cpp */; };
		11B041FC179B90450034BEE2 /* Plot.cpp in Sources */ = {isa = PBXBuildFile; fileRef = 11B041AE179B89F80034BEE2 /* Plot.cpp */; };
		11B041FD179B90450034BEE2 /* Fft.cpp in Sources */ = {isa = PBXBuildFile; fileRef = 1104F47C17754A6E003EAA2B /* Fft.cpp */; };
		11B041FE179B90450034BEE2 /* audio.cpp in Sources */ = {isa = PBXBuildFile; fileRef = 1104F46417754A6E003EAA2B /* audio.cpp */; };
		11B041FF179B90450034BEE2 /* FileCoreAudio.cpp in Sources */ = {isa = PBXBuildFile; fileRef = 1104F47017754A6E003EAA2B /* FileCoreAudio.cpp */; };
		11B04201179B90450034BEE2 /* File.cpp in Sources */ = {isa = PBXBuildFile; fileRef = 1104F47E17754A6E003EAA2B /* File.cpp */; };
		11B04204179B90450034BEE2 /* Debug.h in Headers */ = {isa = PBXBuildFile; fileRef = 1104F47617754A6E003EAA2B /* Debug.h */; };
		11B04206179B90450034BEE2 /* ContextAudioUnit.h in Headers */ = {isa = PBXBuildFile; fileRef = 1104F46917754A6E003EAA2B /* ContextAudioUnit.h */; };
		11B04208179B90450034BEE2 /* CinderCoreAudio.h in Headers */ = {isa = PBXBuildFile; fileRef = 11C58DE8177943DA00DF99F8 /* CinderCoreAudio.h */; };
		11B04209179B90450034BEE2 /* NodeSource.h in Headers */ = {isa = PBXBuildFile; fileRef = 1104F48117754A6E003EAA2B /* NodeSource.h */; };
		11B0420A179B90450034BEE2 /* File.h in Headers */ = {isa = PBXBuildFile; fileRef = 1104F47F17754A6E003EAA2B /* File.h */; };
		11B0420B179B90450034BEE2 /* Context.h in Headers */ = {isa = PBXBuildFile; fileRef = 1104F47517754A6E003EAA2B /* Context.h */; };
		11B0420C179B90450034BEE2 /* Dsp.h in Headers */ = {isa = PBXBuildFile; fileRef = 1104F47A17754A6E003EAA2B /* Dsp.h */; };
		11B0420D179B90450034BEE2 /* Buffer.h in Headers */ = {isa = PBXBuildFile; fileRef = 1104F46617754A6E003EAA2B /* Buffer.h */; };
		11B0420E179B90450034BEE2 /* DeviceManagerCoreAudio.h in Headers */ = {isa = PBXBuildFile; fileRef = 1104F46F17754A6E003EAA2B /* DeviceManagerCoreAudio.h */; };
		11B0420F179B90450034BEE2 /* audio.h in Headers */ = {isa = PBXBuildFile; fileRef = 1104F46517754A6E003EAA2B /* audio.h */; };
		11B04210179B90450034BEE2 /* Fft.h in Headers */ = {isa = PBXBuildFile; fileRef = 1104F47D17754A6E003EAA2B /* Fft.h */; };
		11B04212179B90450034BEE2 /* CinderAssert.h in Headers */ = {isa = PBXBuildFile; fileRef = 11B041B2179B8A0C0034BEE2 /* CinderAssert.h */; };
		11B04213179B90450034BEE2 /* RingBuffer.h in Headers */ = {isa = PBXBuildFile; fileRef = 1104F49217754A6E003EAA2B /* RingBuffer.h */; };
		11B04214179B90450034BEE2 /* Plot.h in Headers */ = {isa = PBXBuildFile; fileRef = 11B041AF179B89F80034BEE2 /* Plot.h */; };
		11B04215179B90450034BEE2 /* FileCoreAudio.h in Headers */ = {isa = PBXBuildFile; fileRef = 1104F47117754A6E003EAA2B /* FileCoreAudio.h */; };
		11B04216179B90450034BEE2 /* Gui.h in Headers */ = {isa = PBXBuildFile; fileRef = 1104F49517754A6E003EAA2B /* Gui.h */; };
		11B04217179B90450034BEE2 /* Atomic.h in Headers */ = {isa = PBXBuildFile; fileRef = 1104F46317754A6E003EAA2B /* Atomic.h */; };
		11B04218179B90450034BEE2 /* Device.h in Headers */ = {isa = PBXBuildFile; fileRef = 1104F47817754A6E003EAA2B /* Device.h */; };
		11B0421D179B92CB0034BEE2 /* DeviceManagerAudioSession.cpp in Sources */ = {isa = PBXBuildFile; fileRef = 1104F46C17754A6E003EAA2B /* DeviceManagerAudioSession.cpp */; };
		11B0421E179B92D10034BEE2 /* DeviceManagerCoreAudio.cpp in Sources */ = {isa = PBXBuildFile; fileRef = 1104F46E17754A6E003EAA2B /* DeviceManagerCoreAudio.cpp */; };
		11C58DE9177943DA00DF99F8 /* CinderCoreAudio.cpp in Sources */ = {isa = PBXBuildFile; fileRef = 11C58DE7177943DA00DF99F8 /* CinderCoreAudio.cpp */; };
		11C58DEA177943DA00DF99F8 /* CinderCoreAudio.h in Headers */ = {isa = PBXBuildFile; fileRef = 11C58DE8177943DA00DF99F8 /* CinderCoreAudio.h */; };
		11D6946017D0475000B0D2BB /* fftsg.cpp in Sources */ = {isa = PBXBuildFile; fileRef = 11D6945E17D0475000B0D2BB /* fftsg.cpp */; };
		11D6946117D0475000B0D2BB /* fftsg.cpp in Sources */ = {isa = PBXBuildFile; fileRef = 11D6945E17D0475000B0D2BB /* fftsg.cpp */; };
		11D6946217D0475000B0D2BB /* fftsg.h in Headers */ = {isa = PBXBuildFile; fileRef = 11D6945F17D0475000B0D2BB /* fftsg.h */; };
		11D6946317D0475000B0D2BB /* fftsg.h in Headers */ = {isa = PBXBuildFile; fileRef = 11D6945F17D0475000B0D2BB /* fftsg.h */; };
/* End PBXBuildFile section */

/* Begin PBXFileReference section */
		1104F3C917753F10003EAA2B /* libAudio2.a */ = {isa = PBXFileReference; explicitFileType = archive.ar; includeInIndex = 0; path = libAudio2.a; sourceTree = BUILT_PRODUCTS_DIR; };
		1104F3CC17753F10003EAA2B /* Cocoa.framework */ = {isa = PBXFileReference; lastKnownFileType = wrapper.framework; name = Cocoa.framework; path = System/Library/Frameworks/Cocoa.framework; sourceTree = SDKROOT; };
		1104F3CF17753F10003EAA2B /* Foundation.framework */ = {isa = PBXFileReference; lastKnownFileType = wrapper.framework; name = Foundation.framework; path = System/Library/Frameworks/Foundation.framework; sourceTree = SDKROOT; };
		1104F46317754A6E003EAA2B /* Atomic.h */ = {isa = PBXFileReference; fileEncoding = 4; lastKnownFileType = sourcecode.c.h; path = Atomic.h; sourceTree = "<group>"; };
		1104F46417754A6E003EAA2B /* audio.cpp */ = {isa = PBXFileReference; fileEncoding = 4; lastKnownFileType = sourcecode.cpp.cpp; path = audio.cpp; sourceTree = "<group>"; };
		1104F46517754A6E003EAA2B /* audio.h */ = {isa = PBXFileReference; fileEncoding = 4; lastKnownFileType = sourcecode.c.h; path = audio.h; sourceTree = "<group>"; };
		1104F46617754A6E003EAA2B /* Buffer.h */ = {isa = PBXFileReference; fileEncoding = 4; lastKnownFileType = sourcecode.c.h; path = Buffer.h; sourceTree = "<group>"; };
		1104F46817754A6E003EAA2B /* ContextAudioUnit.cpp */ = {isa = PBXFileReference; fileEncoding = 4; lastKnownFileType = sourcecode.cpp.cpp; path = ContextAudioUnit.cpp; sourceTree = "<group>"; xcLanguageSpecificationIdentifier = xcode.lang.cpp; };
		1104F46917754A6E003EAA2B /* ContextAudioUnit.h */ = {isa = PBXFileReference; fileEncoding = 4; lastKnownFileType = sourcecode.c.h; path = ContextAudioUnit.h; sourceTree = "<group>"; };
		1104F46C17754A6E003EAA2B /* DeviceManagerAudioSession.cpp */ = {isa = PBXFileReference; explicitFileType = sourcecode.cpp.objcpp; fileEncoding = 4; path = DeviceManagerAudioSession.cpp; sourceTree = "<group>"; };
		1104F46D17754A6E003EAA2B /* DeviceManagerAudioSession.h */ = {isa = PBXFileReference; fileEncoding = 4; lastKnownFileType = sourcecode.c.h; path = DeviceManagerAudioSession.h; sourceTree = "<group>"; };
		1104F46E17754A6E003EAA2B /* DeviceManagerCoreAudio.cpp */ = {isa = PBXFileReference; fileEncoding = 4; lastKnownFileType = sourcecode.cpp.cpp; path = DeviceManagerCoreAudio.cpp; sourceTree = "<group>"; };
		1104F46F17754A6E003EAA2B /* DeviceManagerCoreAudio.h */ = {isa = PBXFileReference; fileEncoding = 4; lastKnownFileType = sourcecode.c.h; path = DeviceManagerCoreAudio.h; sourceTree = "<group>"; };
		1104F47017754A6E003EAA2B /* FileCoreAudio.cpp */ = {isa = PBXFileReference; fileEncoding = 4; lastKnownFileType = sourcecode.cpp.cpp; path = FileCoreAudio.cpp; sourceTree = "<group>"; };
		1104F47117754A6E003EAA2B /* FileCoreAudio.h */ = {isa = PBXFileReference; fileEncoding = 4; lastKnownFileType = sourcecode.c.h; path = FileCoreAudio.h; sourceTree = "<group>"; };
		1104F47417754A6E003EAA2B /* Context.cpp */ = {isa = PBXFileReference; fileEncoding = 4; lastKnownFileType = sourcecode.cpp.cpp; path = Context.cpp; sourceTree = "<group>"; };
		1104F47517754A6E003EAA2B /* Context.h */ = {isa = PBXFileReference; fileEncoding = 4; lastKnownFileType = sourcecode.c.h; path = Context.h; sourceTree = "<group>"; };
		1104F47617754A6E003EAA2B /* Debug.h */ = {isa = PBXFileReference; fileEncoding = 4; lastKnownFileType = sourcecode.c.h; path = Debug.h; sourceTree = "<group>"; };
		1104F47717754A6E003EAA2B /* Device.cpp */ = {isa = PBXFileReference; fileEncoding = 4; lastKnownFileType = sourcecode.cpp.cpp; path = Device.cpp; sourceTree = "<group>"; };
		1104F47817754A6E003EAA2B /* Device.h */ = {isa = PBXFileReference; fileEncoding = 4; lastKnownFileType = sourcecode.c.h; path = Device.h; sourceTree = "<group>"; };
		1104F47917754A6E003EAA2B /* Dsp.cpp */ = {isa = PBXFileReference; fileEncoding = 4; lastKnownFileType = sourcecode.cpp.cpp; path = Dsp.cpp; sourceTree = "<group>"; };
		1104F47A17754A6E003EAA2B /* Dsp.h */ = {isa = PBXFileReference; fileEncoding = 4; lastKnownFileType = sourcecode.c.h; path = Dsp.h; sourceTree = "<group>"; xcLanguageSpecificationIdentifier = xcode.lang.objcpp; };
		1104F47C17754A6E003EAA2B /* Fft.cpp */ = {isa = PBXFileReference; fileEncoding = 4; lastKnownFileType = sourcecode.cpp.cpp; path = Fft.cpp; sourceTree = "<group>"; };
		1104F47D17754A6E003EAA2B /* Fft.h */ = {isa = PBXFileReference; fileEncoding = 4; lastKnownFileType = sourcecode.c.h; path = Fft.h; sourceTree = "<group>"; };
		1104F47E17754A6E003EAA2B /* File.cpp */ = {isa = PBXFileReference; fileEncoding = 4; lastKnownFileType = sourcecode.cpp.cpp; path = File.cpp; sourceTree = "<group>"; };
		1104F47F17754A6E003EAA2B /* File.h */ = {isa = PBXFileReference; fileEncoding = 4; lastKnownFileType = sourcecode.c.h; path = File.h; sourceTree = "<group>"; };
		1104F48017754A6E003EAA2B /* NodeSource.cpp */ = {isa = PBXFileReference; fileEncoding = 4; lastKnownFileType = sourcecode.cpp.cpp; path = NodeSource.cpp; sourceTree = "<group>"; };
		1104F48117754A6E003EAA2B /* NodeSource.h */ = {isa = PBXFileReference; fileEncoding = 4; lastKnownFileType = sourcecode.c.h; path = NodeSource.h; sourceTree = "<group>"; xcLanguageSpecificationIdentifier = xcode.lang.objcpp; };
		1104F48317754A6E003EAA2B /* ContextXAudio.cpp */ = {isa = PBXFileReference; fileEncoding = 4; lastKnownFileType = sourcecode.cpp.cpp; path = ContextXAudio.cpp; sourceTree = "<group>"; };
		1104F48417754A6E003EAA2B /* ContextXAudio.h */ = {isa = PBXFileReference; fileEncoding = 4; lastKnownFileType = sourcecode.c.h; path = ContextXAudio.h; sourceTree = "<group>"; };
		1104F48717754A6E003EAA2B /* DeviceManagerWasapi.cpp */ = {isa = PBXFileReference; fileEncoding = 4; lastKnownFileType = sourcecode.cpp.cpp; path = DeviceManagerWasapi.cpp; sourceTree = "<group>"; };
		1104F48817754A6E003EAA2B /* DeviceManagerWasapi.h */ = {isa = PBXFileReference; fileEncoding = 4; lastKnownFileType = sourcecode.c.h; path = DeviceManagerWasapi.h; sourceTree = "<group>"; };
		1104F48B17754A6E003EAA2B /* FileMediaFoundation.cpp */ = {isa = PBXFileReference; fileEncoding = 4; lastKnownFileType = sourcecode.cpp.cpp; path = FileMediaFoundation.cpp; sourceTree = "<group>"; };
		1104F48C17754A6E003EAA2B /* FileMediaFoundation.h */ = {isa = PBXFileReference; fileEncoding = 4; lastKnownFileType = sourcecode.c.h; path = FileMediaFoundation.h; sourceTree = "<group>"; };
		1104F48D17754A6E003EAA2B /* util.cpp */ = {isa = PBXFileReference; fileEncoding = 4; lastKnownFileType = sourcecode.cpp.cpp; path = util.cpp; sourceTree = "<group>"; };
		1104F48E17754A6E003EAA2B /* util.h */ = {isa = PBXFileReference; fileEncoding = 4; lastKnownFileType = sourcecode.c.h; path = util.h; sourceTree = "<group>"; };
		1104F48F17754A6E003EAA2B /* xaudio.h */ = {isa = PBXFileReference; fileEncoding = 4; lastKnownFileType = sourcecode.c.h; path = xaudio.h; sourceTree = "<group>"; };
		1104F49217754A6E003EAA2B /* RingBuffer.h */ = {isa = PBXFileReference; fileEncoding = 4; lastKnownFileType = sourcecode.c.h; path = RingBuffer.h; sourceTree = "<group>"; };
		1104F49517754A6E003EAA2B /* Gui.h */ = {isa = PBXFileReference; fileEncoding = 4; lastKnownFileType = sourcecode.c.h; path = Gui.h; sourceTree = "<group>"; };
		11446DAF17E64CCD00457AC6 /* NodeEffect.h */ = {isa = PBXFileReference; fileEncoding = 4; lastKnownFileType = sourcecode.c.h; path = NodeEffect.h; sourceTree = "<group>"; };
		11446DB017E64CCD00457AC6 /* NodeTap.cpp */ = {isa = PBXFileReference; fileEncoding = 4; lastKnownFileType = sourcecode.cpp.cpp; path = NodeTap.cpp; sourceTree = "<group>"; };
		11446DB117E64CCD00457AC6 /* NodeTap.h */ = {isa = PBXFileReference; fileEncoding = 4; lastKnownFileType = sourcecode.c.h; path = NodeTap.h; sourceTree = "<group>"; };
		11446DB217E64CCD00457AC6 /* NodeTarget.cpp */ = {isa = PBXFileReference; fileEncoding = 4; lastKnownFileType = sourcecode.cpp.cpp; path = NodeTarget.cpp; sourceTree = "<group>"; };
		11446DB317E64CCD00457AC6 /* NodeTarget.h */ = {isa = PBXFileReference; fileEncoding = 4; lastKnownFileType = sourcecode.c.h; path = NodeTarget.h; sourceTree = "<group>"; };
		1180FD8917AB7CB70070AC30 /* Node.cpp */ = {isa = PBXFileReference; fileEncoding = 4; lastKnownFileType = sourcecode.cpp.cpp; path = Node.cpp; sourceTree = "<group>"; };
		1180FD8A17AB7CB70070AC30 /* Node.h */ = {isa = PBXFileReference; fileEncoding = 4; lastKnownFileType = sourcecode.c.h; path = Node.h; sourceTree = "<group>"; };
		11A669ED17E9623B003DF9B1 /* CinderAssert.cpp */ = {isa = PBXFileReference; fileEncoding = 4; lastKnownFileType = sourcecode.cpp.cpp; path = CinderAssert.cpp; sourceTree = "<group>"; };
		11AB735A17FD277700B29C5F /* Converter.cpp */ = {isa = PBXFileReference; fileEncoding = 4; lastKnownFileType = sourcecode.cpp.cpp; path = Converter.cpp; sourceTree = "<group>"; };
		11AB735B17FD277700B29C5F /* Converter.h */ = {isa = PBXFileReference; fileEncoding = 4; lastKnownFileType = sourcecode.c.h; path = Converter.h; sourceTree = "<group>"; };
		11B041AE179B89F80034BEE2 /* Plot.cpp */ = {isa = PBXFileReference; fileEncoding = 4; lastKnownFileType = sourcecode.cpp.cpp; path = Plot.cpp; sourceTree = "<group>"; };
		11B041AF179B89F80034BEE2 /* Plot.h */ = {isa = PBXFileReference; fileEncoding = 4; lastKnownFileType = sourcecode.c.h; path = Plot.h; sourceTree = "<group>"; };
		11B041B2179B8A0C0034BEE2 /* CinderAssert.h */ = {isa = PBXFileReference; fileEncoding = 4; lastKnownFileType = sourcecode.c.h; path = CinderAssert.h; sourceTree = "<group>"; };
		11B0421C179B90450034BEE2 /* libAudio2-ios.a */ = {isa = PBXFileReference; explicitFileType = archive.ar; includeInIndex = 0; path = "libAudio2-ios.a"; sourceTree = BUILT_PRODUCTS_DIR; };
		11C58DE7177943DA00DF99F8 /* CinderCoreAudio.cpp */ = {isa = PBXFileReference; fileEncoding = 4; lastKnownFileType = sourcecode.cpp.cpp; path = CinderCoreAudio.cpp; sourceTree = "<group>"; };
		11C58DE8177943DA00DF99F8 /* CinderCoreAudio.h */ = {isa = PBXFileReference; fileEncoding = 4; lastKnownFileType = sourcecode.c.h; path = CinderCoreAudio.h; sourceTree = "<group>"; };
		11D6945E17D0475000B0D2BB /* fftsg.cpp */ = {isa = PBXFileReference; fileEncoding = 4; lastKnownFileType = sourcecode.cpp.cpp; name = fftsg.cpp; path = ooura/fftsg.cpp; sourceTree = "<group>"; };
		11D6945F17D0475000B0D2BB /* fftsg.h */ = {isa = PBXFileReference; fileEncoding = 4; lastKnownFileType = sourcecode.c.h; name = fftsg.h; path = ooura/fftsg.h; sourceTree = "<group>"; };
/* End PBXFileReference section */

/* Begin PBXFrameworksBuildPhase section */
		1104F3C617753F10003EAA2B /* Frameworks */ = {
			isa = PBXFrameworksBuildPhase;
			buildActionMask = 2147483647;
			files = (
			);
			runOnlyForDeploymentPostprocessing = 0;
		};
		11B04202179B90450034BEE2 /* Frameworks */ = {
			isa = PBXFrameworksBuildPhase;
			buildActionMask = 2147483647;
			files = (
			);
			runOnlyForDeploymentPostprocessing = 0;
		};
/* End PBXFrameworksBuildPhase section */

/* Begin PBXGroup section */
		1104F3C017753F10003EAA2B = {
			isa = PBXGroup;
			children = (
				1104F46017754A6E003EAA2B /* src */,
				1104F3CB17753F10003EAA2B /* Frameworks */,
				1104F3CA17753F10003EAA2B /* Products */,
			);
			sourceTree = "<group>";
		};
		1104F3CA17753F10003EAA2B /* Products */ = {
			isa = PBXGroup;
			children = (
				1104F3C917753F10003EAA2B /* libAudio2.a */,
				11B0421C179B90450034BEE2 /* libAudio2-ios.a */,
			);
			name = Products;
			sourceTree = "<group>";
		};
		1104F3CB17753F10003EAA2B /* Frameworks */ = {
			isa = PBXGroup;
			children = (
				1104F3CC17753F10003EAA2B /* Cocoa.framework */,
				1104F3CE17753F10003EAA2B /* Other Frameworks */,
			);
			name = Frameworks;
			sourceTree = "<group>";
		};
		1104F3CE17753F10003EAA2B /* Other Frameworks */ = {
			isa = PBXGroup;
			children = (
				1104F3CF17753F10003EAA2B /* Foundation.framework */,
			);
			name = "Other Frameworks";
			sourceTree = "<group>";
		};
		1104F46017754A6E003EAA2B /* src */ = {
			isa = PBXGroup;
			children = (
				1104F46117754A6E003EAA2B /* audio2 */,
				1104F49517754A6E003EAA2B /* Gui.h */,
				11B041AE179B89F80034BEE2 /* Plot.cpp */,
				11B041AF179B89F80034BEE2 /* Plot.h */,
			);
			name = src;
			path = ../src;
			sourceTree = "<group>";
		};
		1104F46117754A6E003EAA2B /* audio2 */ = {
			isa = PBXGroup;
			children = (
				1104F46717754A6E003EAA2B /* cocoa */,
				1104F48217754A6E003EAA2B /* msw */,
				11D6945D17D0436A00B0D2BB /* ooura */,
				1104F46317754A6E003EAA2B /* Atomic.h */,
				1104F46417754A6E003EAA2B /* audio.cpp */,
				1104F46517754A6E003EAA2B /* audio.h */,
				1104F46617754A6E003EAA2B /* Buffer.h */,
				11B041B2179B8A0C0034BEE2 /* CinderAssert.h */,
				11A669ED17E9623B003DF9B1 /* CinderAssert.cpp */,
				1104F47417754A6E003EAA2B /* Context.cpp */,
				1104F47517754A6E003EAA2B /* Context.h */,
				11AB735A17FD277700B29C5F /* Converter.cpp */,
				11AB735B17FD277700B29C5F /* Converter.h */,
				1104F47617754A6E003EAA2B /* Debug.h */,
				1104F47717754A6E003EAA2B /* Device.cpp */,
				1104F47817754A6E003EAA2B /* Device.h */,
				1104F47917754A6E003EAA2B /* Dsp.cpp */,
				1104F47A17754A6E003EAA2B /* Dsp.h */,
				1104F47C17754A6E003EAA2B /* Fft.cpp */,
				1104F47D17754A6E003EAA2B /* Fft.h */,
				1104F47E17754A6E003EAA2B /* File.cpp */,
				1104F47F17754A6E003EAA2B /* File.h */,
				1180FD8917AB7CB70070AC30 /* Node.cpp */,
				1180FD8A17AB7CB70070AC30 /* Node.h */,
				11446DAF17E64CCD00457AC6 /* NodeEffect.h */,
				1104F48017754A6E003EAA2B /* NodeSource.cpp */,
				1104F48117754A6E003EAA2B /* NodeSource.h */,
				11446DB017E64CCD00457AC6 /* NodeTap.cpp */,
				11446DB117E64CCD00457AC6 /* NodeTap.h */,
				11446DB217E64CCD00457AC6 /* NodeTarget.cpp */,
				11446DB317E64CCD00457AC6 /* NodeTarget.h */,
				1104F49217754A6E003EAA2B /* RingBuffer.h */,
			);
			path = audio2;
			sourceTree = "<group>";
		};
		1104F46717754A6E003EAA2B /* cocoa */ = {
			isa = PBXGroup;
			children = (
				1104F46817754A6E003EAA2B /* ContextAudioUnit.cpp */,
				1104F46917754A6E003EAA2B /* ContextAudioUnit.h */,
				1104F46C17754A6E003EAA2B /* DeviceManagerAudioSession.cpp */,
				1104F46D17754A6E003EAA2B /* DeviceManagerAudioSession.h */,
				1104F46E17754A6E003EAA2B /* DeviceManagerCoreAudio.cpp */,
				1104F46F17754A6E003EAA2B /* DeviceManagerCoreAudio.h */,
				1104F47017754A6E003EAA2B /* FileCoreAudio.cpp */,
				1104F47117754A6E003EAA2B /* FileCoreAudio.h */,
				11C58DE7177943DA00DF99F8 /* CinderCoreAudio.cpp */,
				11C58DE8177943DA00DF99F8 /* CinderCoreAudio.h */,
			);
			path = cocoa;
			sourceTree = "<group>";
		};
		1104F48217754A6E003EAA2B /* msw */ = {
			isa = PBXGroup;
			children = (
				1104F48317754A6E003EAA2B /* ContextXAudio.cpp */,
				1104F48417754A6E003EAA2B /* ContextXAudio.h */,
				1104F48717754A6E003EAA2B /* DeviceManagerWasapi.cpp */,
				1104F48817754A6E003EAA2B /* DeviceManagerWasapi.h */,
				1104F48B17754A6E003EAA2B /* FileMediaFoundation.cpp */,
				1104F48C17754A6E003EAA2B /* FileMediaFoundation.h */,
				1104F48D17754A6E003EAA2B /* util.cpp */,
				1104F48E17754A6E003EAA2B /* util.h */,
				1104F48F17754A6E003EAA2B /* xaudio.h */,
			);
			path = msw;
			sourceTree = "<group>";
		};
		11D6945D17D0436A00B0D2BB /* ooura */ = {
			isa = PBXGroup;
			children = (
				11D6945E17D0475000B0D2BB /* fftsg.cpp */,
				11D6945F17D0475000B0D2BB /* fftsg.h */,
			);
			name = ooura;
			sourceTree = "<group>";
		};
/* End PBXGroup section */

/* Begin PBXHeadersBuildPhase section */
		1104F3C717753F10003EAA2B /* Headers */ = {
			isa = PBXHeadersBuildPhase;
			buildActionMask = 2147483647;
			files = (
				1104F4A917754A6E003EAA2B /* Debug.h in Headers */,
				1104F49C17754A6E003EAA2B /* ContextAudioUnit.h in Headers */,
				11C58DEA177943DA00DF99F8 /* CinderCoreAudio.h in Headers */,
				11D6946217D0475000B0D2BB /* fftsg.h in Headers */,
				11446DBC17E64CCD00457AC6 /* NodeTarget.h in Headers */,
				1104F4B417754A6E003EAA2B /* NodeSource.h in Headers */,
				1104F4B217754A6E003EAA2B /* File.h in Headers */,
				11446DB817E64CCD00457AC6 /* NodeTap.h in Headers */,
				1104F4A817754A6E003EAA2B /* Context.h in Headers */,
				1104F4AD17754A6E003EAA2B /* Dsp.h in Headers */,
				1104F49A17754A6E003EAA2B /* Buffer.h in Headers */,
				1104F4A217754A6E003EAA2B /* DeviceManagerCoreAudio.h in Headers */,
				1104F49917754A6E003EAA2B /* audio.h in Headers */,
				1104F4B017754A6E003EAA2B /* Fft.h in Headers */,
				11B041B3179B8A0C0034BEE2 /* CinderAssert.h in Headers */,
				1104F4C417754A6E003EAA2B /* RingBuffer.h in Headers */,
				1180FD8D17AB7CB70070AC30 /* Node.h in Headers */,
				11446DB417E64CCD00457AC6 /* NodeEffect.h in Headers */,
				11B041B1179B89F80034BEE2 /* Plot.h in Headers */,
				1104F4A417754A6E003EAA2B /* FileCoreAudio.h in Headers */,
				1104F4C717754A6E003EAA2B /* Gui.h in Headers */,
				1104F49717754A6E003EAA2B /* Atomic.h in Headers */,
				1104F4AB17754A6E003EAA2B /* Device.h in Headers */,
			);
			runOnlyForDeploymentPostprocessing = 0;
		};
		11B04203179B90450034BEE2 /* Headers */ = {
			isa = PBXHeadersBuildPhase;
			buildActionMask = 2147483647;
			files = (
				11B04204179B90450034BEE2 /* Debug.h in Headers */,
				11B04206179B90450034BEE2 /* ContextAudioUnit.h in Headers */,
				11B04208179B90450034BEE2 /* CinderCoreAudio.h in Headers */,
				11D6946317D0475000B0D2BB /* fftsg.h in Headers */,
				11446DBD17E64CCD00457AC6 /* NodeTarget.h in Headers */,
				11B04209179B90450034BEE2 /* NodeSource.h in Headers */,
				11B0420A179B90450034BEE2 /* File.h in Headers */,
				11446DB917E64CCD00457AC6 /* NodeTap.h in Headers */,
				11B0420B179B90450034BEE2 /* Context.h in Headers */,
				11B0420C179B90450034BEE2 /* Dsp.h in Headers */,
				11B0420D179B90450034BEE2 /* Buffer.h in Headers */,
				11B0420E179B90450034BEE2 /* DeviceManagerCoreAudio.h in Headers */,
				11B0420F179B90450034BEE2 /* audio.h in Headers */,
				11B04210179B90450034BEE2 /* Fft.h in Headers */,
				11B04212179B90450034BEE2 /* CinderAssert.h in Headers */,
				11B04213179B90450034BEE2 /* RingBuffer.h in Headers */,
				1180FD8E17AB7CB70070AC30 /* Node.h in Headers */,
				11446DB517E64CCD00457AC6 /* NodeEffect.h in Headers */,
				11B04214179B90450034BEE2 /* Plot.h in Headers */,
				11B04215179B90450034BEE2 /* FileCoreAudio.h in Headers */,
				11B04216179B90450034BEE2 /* Gui.h in Headers */,
				11AB735F17FD277700B29C5F /* Converter.h in Headers */,
				11B04217179B90450034BEE2 /* Atomic.h in Headers */,
				11B04218179B90450034BEE2 /* Device.h in Headers */,
			);
			runOnlyForDeploymentPostprocessing = 0;
		};
/* End PBXHeadersBuildPhase section */

/* Begin PBXNativeTarget section */
		1104F3C817753F10003EAA2B /* Audio2-mac */ = {
			isa = PBXNativeTarget;
			buildConfigurationList = 1104F3ED17753F10003EAA2B /* Build configuration list for PBXNativeTarget "Audio2-mac" */;
			buildPhases = (
				1104F3C517753F10003EAA2B /* Sources */,
				1104F3C617753F10003EAA2B /* Frameworks */,
				1104F3C717753F10003EAA2B /* Headers */,
			);
			buildRules = (
			);
			dependencies = (
			);
			name = "Audio2-mac";
			productName = Audio2Mac;
			productReference = 1104F3C917753F10003EAA2B /* libAudio2.a */;
			productType = "com.apple.product-type.library.static";
		};
		11B041F2179B90450034BEE2 /* Audio2-ios */ = {
			isa = PBXNativeTarget;
			buildConfigurationList = 11B04219179B90450034BEE2 /* Build configuration list for PBXNativeTarget "Audio2-ios" */;
			buildPhases = (
				11B041F3179B90450034BEE2 /* Sources */,
				11B04202179B90450034BEE2 /* Frameworks */,
				11B04203179B90450034BEE2 /* Headers */,
			);
			buildRules = (
			);
			dependencies = (
			);
			name = "Audio2-ios";
			productName = Audio2Mac;
			productReference = 11B0421C179B90450034BEE2 /* libAudio2-ios.a */;
			productType = "com.apple.product-type.library.static";
		};
/* End PBXNativeTarget section */

/* Begin PBXProject section */
		1104F3C117753F10003EAA2B /* Project object */ = {
			isa = PBXProject;
			attributes = {
				LastUpgradeCheck = 0500;
				ORGANIZATIONNAME = Racoon;
			};
			buildConfigurationList = 1104F3C417753F10003EAA2B /* Build configuration list for PBXProject "Audio2" */;
			compatibilityVersion = "Xcode 3.2";
			developmentRegion = English;
			hasScannedForEncodings = 0;
			knownRegions = (
				en,
			);
			mainGroup = 1104F3C017753F10003EAA2B;
			productRefGroup = 1104F3CA17753F10003EAA2B /* Products */;
			projectDirPath = "";
			projectRoot = "";
			targets = (
				1104F3C817753F10003EAA2B /* Audio2-mac */,
				11B041F2179B90450034BEE2 /* Audio2-ios */,
			);
		};
/* End PBXProject section */

/* Begin PBXSourcesBuildPhase section */
		1104F3C517753F10003EAA2B /* Sources */ = {
			isa = PBXSourcesBuildPhase;
			buildActionMask = 2147483647;
			files = (
				1104F4B317754A6E003EAA2B /* NodeSource.cpp in Sources */,
				11C58DE9177943DA00DF99F8 /* CinderCoreAudio.cpp in Sources */,
				1104F4AC17754A6E003EAA2B /* Dsp.cpp in Sources */,
				11A669EE17E9623B003DF9B1 /* CinderAssert.cpp in Sources */,
				11D6946017D0475000B0D2BB /* fftsg.cpp in Sources */,
				1104F4AA17754A6E003EAA2B /* Device.cpp in Sources */,
				1104F4A717754A6E003EAA2B /* Context.cpp in Sources */,
				1104F49B17754A6E003EAA2B /* ContextAudioUnit.cpp in Sources */,
				11B041B0179B89F80034BEE2 /* Plot.cpp in Sources */,
				11446DB617E64CCD00457AC6 /* NodeTap.cpp in Sources */,
				1180FD8B17AB7CB70070AC30 /* Node.cpp in Sources */,
				11AB735C17FD277700B29C5F /* Converter.cpp in Sources */,
				11B0421E179B92D10034BEE2 /* DeviceManagerCoreAudio.cpp in Sources */,
				1104F4AF17754A6E003EAA2B /* Fft.cpp in Sources */,
				11446DBA17E64CCD00457AC6 /* NodeTarget.cpp in Sources */,
				1104F49817754A6E003EAA2B /* audio.cpp in Sources */,
				1104F4A317754A6E003EAA2B /* FileCoreAudio.cpp in Sources */,
				1104F4B117754A6E003EAA2B /* File.cpp in Sources */,
			);
			runOnlyForDeploymentPostprocessing = 0;
		};
		11B041F3179B90450034BEE2 /* Sources */ = {
			isa = PBXSourcesBuildPhase;
			buildActionMask = 2147483647;
			files = (
				11B0421D179B92CB0034BEE2 /* DeviceManagerAudioSession.cpp in Sources */,
				11B041F4179B90450034BEE2 /* NodeSource.cpp in Sources */,
				11B041F6179B90450034BEE2 /* CinderCoreAudio.cpp in Sources */,
				11A669EF17E9623B003DF9B1 /* CinderAssert.cpp in Sources */,
				11D6946117D0475000B0D2BB /* fftsg.cpp in Sources */,
				11B041F7179B90450034BEE2 /* Dsp.cpp in Sources */,
				11B041F8179B90450034BEE2 /* Device.cpp in Sources */,
				11B041FA179B90450034BEE2 /* Context.cpp in Sources */,
				11B041FB179B90450034BEE2 /* ContextAudioUnit.cpp in Sources */,
				11446DB717E64CCD00457AC6 /* NodeTap.cpp in Sources */,
				1180FD8C17AB7CB70070AC30 /* Node.cpp in Sources */,
				11AB735D17FD277700B29C5F /* Converter.cpp in Sources */,
				11B041FC179B90450034BEE2 /* Plot.cpp in Sources */,
				11B041FD179B90450034BEE2 /* Fft.cpp in Sources */,
				11446DBB17E64CCD00457AC6 /* NodeTarget.cpp in Sources */,
				11B041FE179B90450034BEE2 /* audio.cpp in Sources */,
				11B041FF179B90450034BEE2 /* FileCoreAudio.cpp in Sources */,
				11B04201179B90450034BEE2 /* File.cpp in Sources */,
			);
			runOnlyForDeploymentPostprocessing = 0;
		};
/* End PBXSourcesBuildPhase section */

/* Begin XCBuildConfiguration section */
		1104F3EB17753F10003EAA2B /* Debug */ = {
			isa = XCBuildConfiguration;
			buildSettings = {
				ALWAYS_SEARCH_USER_PATHS = NO;
				ARCHS = "$(ARCHS_STANDARD_32_64_BIT)";
				CINDER_PATH = ../cinder;
				CLANG_CXX_LANGUAGE_STANDARD = "c++0x";
				CLANG_CXX_LIBRARY = "libc++";
				CLANG_ENABLE_MODULES = NO;
				CLANG_WARN_BOOL_CONVERSION = YES;
				CLANG_WARN_CONSTANT_CONVERSION = YES;
				CLANG_WARN_DIRECT_OBJC_ISA_USAGE = YES_ERROR;
				CLANG_WARN_EMPTY_BODY = YES;
				CLANG_WARN_ENUM_CONVERSION = YES;
				CLANG_WARN_INT_CONVERSION = YES;
				CLANG_WARN_OBJC_ROOT_CLASS = YES_ERROR;
				CLANG_WARN__DUPLICATE_METHOD_MATCH = YES;
				COPY_PHASE_STRIP = NO;
				GCC_C_LANGUAGE_STANDARD = "compiler-default";
				GCC_DYNAMIC_NO_PIC = NO;
				GCC_INLINES_ARE_PRIVATE_EXTERN = YES;
				GCC_OPTIMIZATION_LEVEL = 0;
				GCC_PREPROCESSOR_DEFINITIONS = (
					"DEBUG=1",
					"$(inherited)",
				);
				GCC_SYMBOLS_PRIVATE_EXTERN = NO;
				GCC_WARN_64_TO_32_BIT_CONVERSION = YES;
				GCC_WARN_ABOUT_RETURN_TYPE = YES_ERROR;
				GCC_WARN_UNDECLARED_SELECTOR = YES;
				GCC_WARN_UNINITIALIZED_AUTOS = YES;
				GCC_WARN_UNUSED_FUNCTION = YES;
				GCC_WARN_UNUSED_VARIABLE = YES;
				GENERATE_MASTER_OBJECT_FILE = YES;
				HEADER_SEARCH_PATHS = "\"$(CINDER_PATH)/boost\"";
				LINK_WITH_STANDARD_LIBRARIES = NO;
				MACOSX_DEPLOYMENT_TARGET = 10.7;
				ONLY_ACTIVE_ARCH = NO;
				SDKROOT = macosx;
				USER_HEADER_SEARCH_PATHS = "../src \"$(CINDER_PATH)/include\"";
			};
			name = Debug;
		};
		1104F3EC17753F10003EAA2B /* Release */ = {
			isa = XCBuildConfiguration;
			buildSettings = {
				ALWAYS_SEARCH_USER_PATHS = NO;
				ARCHS = "$(ARCHS_STANDARD_32_64_BIT)";
				CINDER_PATH = ../cinder;
				CLANG_CXX_LANGUAGE_STANDARD = "c++0x";
				CLANG_CXX_LIBRARY = "libc++";
				CLANG_ENABLE_MODULES = NO;
				CLANG_WARN_BOOL_CONVERSION = YES;
				CLANG_WARN_CONSTANT_CONVERSION = YES;
				CLANG_WARN_DIRECT_OBJC_ISA_USAGE = YES_ERROR;
				CLANG_WARN_EMPTY_BODY = YES;
				CLANG_WARN_ENUM_CONVERSION = YES;
				CLANG_WARN_INT_CONVERSION = YES;
				CLANG_WARN_OBJC_ROOT_CLASS = YES_ERROR;
				CLANG_WARN__DUPLICATE_METHOD_MATCH = YES;
				COPY_PHASE_STRIP = YES;
				DEBUG_INFORMATION_FORMAT = "dwarf-with-dsym";
				ENABLE_NS_ASSERTIONS = NO;
				GCC_C_LANGUAGE_STANDARD = "compiler-default";
				GCC_INLINES_ARE_PRIVATE_EXTERN = YES;
				GCC_WARN_64_TO_32_BIT_CONVERSION = YES;
				GCC_WARN_ABOUT_RETURN_TYPE = YES_ERROR;
				GCC_WARN_UNDECLARED_SELECTOR = YES;
				GCC_WARN_UNINITIALIZED_AUTOS = YES;
				GCC_WARN_UNUSED_FUNCTION = YES;
				GCC_WARN_UNUSED_VARIABLE = YES;
				GENERATE_MASTER_OBJECT_FILE = YES;
				HEADER_SEARCH_PATHS = "\"$(CINDER_PATH)/boost\"";
				LINK_WITH_STANDARD_LIBRARIES = NO;
				MACOSX_DEPLOYMENT_TARGET = 10.7;
				SDKROOT = macosx;
				USER_HEADER_SEARCH_PATHS = "../src \"$(CINDER_PATH)/include\"";
			};
			name = Release;
		};
		1104F3EE17753F10003EAA2B /* Debug */ = {
			isa = XCBuildConfiguration;
			buildSettings = {
				GCC_DYNAMIC_NO_PIC = YES;
				GCC_PRECOMPILE_PREFIX_HEADER = NO;
				OTHER_LDFLAGS = "";
				PRODUCT_NAME = Audio2;
			};
			name = Debug;
		};
		1104F3EF17753F10003EAA2B /* Release */ = {
			isa = XCBuildConfiguration;
			buildSettings = {
				GCC_DYNAMIC_NO_PIC = YES;
				GCC_PRECOMPILE_PREFIX_HEADER = NO;
				OTHER_LDFLAGS = "";
				PRODUCT_NAME = Audio2;
			};
			name = Release;
		};
		11B0421A179B90450034BEE2 /* Debug */ = {
			isa = XCBuildConfiguration;
			buildSettings = {
				ARCHS = "$(ARCHS_STANDARD)";
				GCC_DYNAMIC_NO_PIC = YES;
				GCC_PRECOMPILE_PREFIX_HEADER = NO;
				IPHONEOS_DEPLOYMENT_TARGET = 5.0;
				ONLY_ACTIVE_ARCH = NO;
				PRODUCT_NAME = "Audio2-ios";
				SDKROOT = iphoneos;
				TARGETED_DEVICE_FAMILY = "1,2";
			};
			name = Debug;
		};
		11B0421B179B90450034BEE2 /* Release */ = {
			isa = XCBuildConfiguration;
			buildSettings = {
				ARCHS = "$(ARCHS_STANDARD)";
				GCC_DYNAMIC_NO_PIC = YES;
				GCC_PRECOMPILE_PREFIX_HEADER = NO;
				IPHONEOS_DEPLOYMENT_TARGET = 5.0;
				PRODUCT_NAME = "Audio2-ios";
				SDKROOT = iphoneos;
				TARGETED_DEVICE_FAMILY = "1,2";
			};
			name = Release;
		};
/* End XCBuildConfiguration section */

/* Begin XCConfigurationList section */
		1104F3C417753F10003EAA2B /* Build configuration list for PBXProject "Audio2" */ = {
			isa = XCConfigurationList;
			buildConfigurations = (
				1104F3EB17753F10003EAA2B /* Debug */,
				1104F3EC17753F10003EAA2B /* Release */,
			);
			defaultConfigurationIsVisible = 0;
			defaultConfigurationName = Release;
		};
		1104F3ED17753F10003EAA2B /* Build configuration list for PBXNativeTarget "Audio2-mac" */ = {
			isa = XCConfigurationList;
			buildConfigurations = (
				1104F3EE17753F10003EAA2B /* Debug */,
				1104F3EF17753F10003EAA2B /* Release */,
			);
			defaultConfigurationIsVisible = 0;
			defaultConfigurationName = Release;
		};
		11B04219179B90450034BEE2 /* Build configuration list for PBXNativeTarget "Audio2-ios" */ = {
			isa = XCConfigurationList;
			buildConfigurations = (
				11B0421A179B90450034BEE2 /* Debug */,
				11B0421B179B90450034BEE2 /* Release */,
			);
			defaultConfigurationIsVisible = 0;
			defaultConfigurationName = Release;
		};
/* End XCConfigurationList section */
	};
	rootObject = 1104F3C117753F10003EAA2B /* Project object */;
}
