// !$*UTF8*$!
{
	archiveVersion = 1;
	classes = {
	};
	objectVersion = 46;
	objects = {

/* Begin PBXBuildFile section */
		1104F49817754A6E003EAA2B /* audio.cpp in Sources */ = {isa = PBXBuildFile; fileRef = 1104F46417754A6E003EAA2B /* audio.cpp */; };
		1104F49917754A6E003EAA2B /* audio.h in Headers */ = {isa = PBXBuildFile; fileRef = 1104F46517754A6E003EAA2B /* audio.h */; };
		1104F49A17754A6E003EAA2B /* Buffer.h in Headers */ = {isa = PBXBuildFile; fileRef = 1104F46617754A6E003EAA2B /* Buffer.h */; };
		1104F49B17754A6E003EAA2B /* ContextAudioUnit.cpp in Sources */ = {isa = PBXBuildFile; fileRef = 1104F46817754A6E003EAA2B /* ContextAudioUnit.cpp */; };
		1104F49C17754A6E003EAA2B /* ContextAudioUnit.h in Headers */ = {isa = PBXBuildFile; fileRef = 1104F46917754A6E003EAA2B /* ContextAudioUnit.h */; };
		1104F4A217754A6E003EAA2B /* DeviceManagerCoreAudio.h in Headers */ = {isa = PBXBuildFile; fileRef = 1104F46F17754A6E003EAA2B /* DeviceManagerCoreAudio.h */; };
		1104F4A317754A6E003EAA2B /* FileCoreAudio.cpp in Sources */ = {isa = PBXBuildFile; fileRef = 1104F47017754A6E003EAA2B /* FileCoreAudio.cpp */; };
		1104F4A417754A6E003EAA2B /* FileCoreAudio.h in Headers */ = {isa = PBXBuildFile; fileRef = 1104F47117754A6E003EAA2B /* FileCoreAudio.h */; };
		1104F4A717754A6E003EAA2B /* Context.cpp in Sources */ = {isa = PBXBuildFile; fileRef = 1104F47417754A6E003EAA2B /* Context.cpp */; };
		1104F4A817754A6E003EAA2B /* Context.h in Headers */ = {isa = PBXBuildFile; fileRef = 1104F47517754A6E003EAA2B /* Context.h */; };
		1104F4A917754A6E003EAA2B /* Debug.h in Headers */ = {isa = PBXBuildFile; fileRef = 1104F47617754A6E003EAA2B /* Debug.h */; };
		1104F4AA17754A6E003EAA2B /* Device.cpp in Sources */ = {isa = PBXBuildFile; fileRef = 1104F47717754A6E003EAA2B /* Device.cpp */; };
		1104F4AB17754A6E003EAA2B /* Device.h in Headers */ = {isa = PBXBuildFile; fileRef = 1104F47817754A6E003EAA2B /* Device.h */; };
		1104F4AC17754A6E003EAA2B /* Dsp.cpp in Sources */ = {isa = PBXBuildFile; fileRef = 1104F47917754A6E003EAA2B /* Dsp.cpp */; };
		1104F4AD17754A6E003EAA2B /* Dsp.h in Headers */ = {isa = PBXBuildFile; fileRef = 1104F47A17754A6E003EAA2B /* Dsp.h */; };
		1104F4AF17754A6E003EAA2B /* Fft.cpp in Sources */ = {isa = PBXBuildFile; fileRef = 1104F47C17754A6E003EAA2B /* Fft.cpp */; };
		1104F4B017754A6E003EAA2B /* Fft.h in Headers */ = {isa = PBXBuildFile; fileRef = 1104F47D17754A6E003EAA2B /* Fft.h */; };
		1104F4B117754A6E003EAA2B /* File.cpp in Sources */ = {isa = PBXBuildFile; fileRef = 1104F47E17754A6E003EAA2B /* File.cpp */; };
		1104F4B217754A6E003EAA2B /* File.h in Headers */ = {isa = PBXBuildFile; fileRef = 1104F47F17754A6E003EAA2B /* File.h */; };
		1104F4B317754A6E003EAA2B /* NodeSource.cpp in Sources */ = {isa = PBXBuildFile; fileRef = 1104F48017754A6E003EAA2B /* NodeSource.cpp */; };
		1104F4B417754A6E003EAA2B /* NodeSource.h in Headers */ = {isa = PBXBuildFile; fileRef = 1104F48117754A6E003EAA2B /* NodeSource.h */; };
		1104F4C417754A6E003EAA2B /* RingBuffer.h in Headers */ = {isa = PBXBuildFile; fileRef = 1104F49217754A6E003EAA2B /* RingBuffer.h */; };
		1115501518026C9100D415BC /* ogg.h in Headers */ = {isa = PBXBuildFile; fileRef = 1115500D18026C9100D415BC /* ogg.h */; };
		1115501618026C9100D415BC /* ogg.h in Headers */ = {isa = PBXBuildFile; fileRef = 1115500D18026C9100D415BC /* ogg.h */; };
		1115501718026C9100D415BC /* os_types.h in Headers */ = {isa = PBXBuildFile; fileRef = 1115500E18026C9100D415BC /* os_types.h */; };
		1115501818026C9100D415BC /* os_types.h in Headers */ = {isa = PBXBuildFile; fileRef = 1115500E18026C9100D415BC /* os_types.h */; };
		1115501D18026C9100D415BC /* codec.h in Headers */ = {isa = PBXBuildFile; fileRef = 1115501218026C9100D415BC /* codec.h */; };
		1115501E18026C9100D415BC /* codec.h in Headers */ = {isa = PBXBuildFile; fileRef = 1115501218026C9100D415BC /* codec.h */; };
		1115501F18026C9100D415BC /* vorbisenc.h in Headers */ = {isa = PBXBuildFile; fileRef = 1115501318026C9100D415BC /* vorbisenc.h */; };
		1115502018026C9100D415BC /* vorbisenc.h in Headers */ = {isa = PBXBuildFile; fileRef = 1115501318026C9100D415BC /* vorbisenc.h */; };
		1115502118026C9100D415BC /* vorbisfile.h in Headers */ = {isa = PBXBuildFile; fileRef = 1115501418026C9100D415BC /* vorbisfile.h */; };
		1115502218026C9100D415BC /* vorbisfile.h in Headers */ = {isa = PBXBuildFile; fileRef = 1115501418026C9100D415BC /* vorbisfile.h */; };
		1115502518026CF400D415BC /* FileOggVorbis.cpp in Sources */ = {isa = PBXBuildFile; fileRef = 1115502318026CF400D415BC /* FileOggVorbis.cpp */; };
		1115502618026CF400D415BC /* FileOggVorbis.cpp in Sources */ = {isa = PBXBuildFile; fileRef = 1115502318026CF400D415BC /* FileOggVorbis.cpp */; };
		1115502718026CF400D415BC /* FileOggVorbis.h in Headers */ = {isa = PBXBuildFile; fileRef = 1115502418026CF400D415BC /* FileOggVorbis.h */; };
		1115502818026CF400D415BC /* FileOggVorbis.h in Headers */ = {isa = PBXBuildFile; fileRef = 1115502418026CF400D415BC /* FileOggVorbis.h */; };
		113E630D17FFBDF4007FFCF7 /* Converter.cpp in Sources */ = {isa = PBXBuildFile; fileRef = 11AB735A17FD277700B29C5F /* Converter.cpp */; };
		113E630E17FFBDF5007FFCF7 /* Converter.cpp in Sources */ = {isa = PBXBuildFile; fileRef = 11AB735A17FD277700B29C5F /* Converter.cpp */; };
		11446DB417E64CCD00457AC6 /* NodeEffect.h in Headers */ = {isa = PBXBuildFile; fileRef = 11446DAF17E64CCD00457AC6 /* NodeEffect.h */; };
		11446DB517E64CCD00457AC6 /* NodeEffect.h in Headers */ = {isa = PBXBuildFile; fileRef = 11446DAF17E64CCD00457AC6 /* NodeEffect.h */; };
		11446DB617E64CCD00457AC6 /* Scope.cpp in Sources */ = {isa = PBXBuildFile; fileRef = 11446DB017E64CCD00457AC6 /* Scope.cpp */; };
		11446DB717E64CCD00457AC6 /* Scope.cpp in Sources */ = {isa = PBXBuildFile; fileRef = 11446DB017E64CCD00457AC6 /* Scope.cpp */; };
		11446DB817E64CCD00457AC6 /* Scope.h in Headers */ = {isa = PBXBuildFile; fileRef = 11446DB117E64CCD00457AC6 /* Scope.h */; };
		11446DB917E64CCD00457AC6 /* Scope.h in Headers */ = {isa = PBXBuildFile; fileRef = 11446DB117E64CCD00457AC6 /* Scope.h */; };
		11446DBA17E64CCD00457AC6 /* NodeTarget.cpp in Sources */ = {isa = PBXBuildFile; fileRef = 11446DB217E64CCD00457AC6 /* NodeTarget.cpp */; };
		11446DBB17E64CCD00457AC6 /* NodeTarget.cpp in Sources */ = {isa = PBXBuildFile; fileRef = 11446DB217E64CCD00457AC6 /* NodeTarget.cpp */; };
		11446DBC17E64CCD00457AC6 /* NodeTarget.h in Headers */ = {isa = PBXBuildFile; fileRef = 11446DB317E64CCD00457AC6 /* NodeTarget.h */; };
		11446DBD17E64CCD00457AC6 /* NodeTarget.h in Headers */ = {isa = PBXBuildFile; fileRef = 11446DB317E64CCD00457AC6 /* NodeTarget.h */; };
		114FE8B518032BF100C5841B /* bitwise.c in Sources */ = {isa = PBXBuildFile; fileRef = 114FE86A18032BF000C5841B /* bitwise.c */; settings = {COMPILER_FLAGS = "-Wno-conversion"; }; };
		114FE8B618032BF100C5841B /* bitwise.c in Sources */ = {isa = PBXBuildFile; fileRef = 114FE86A18032BF000C5841B /* bitwise.c */; };
		114FE8B718032BF100C5841B /* framing.c in Sources */ = {isa = PBXBuildFile; fileRef = 114FE86B18032BF000C5841B /* framing.c */; settings = {COMPILER_FLAGS = "-Wno-conversion"; }; };
		114FE8B818032BF100C5841B /* framing.c in Sources */ = {isa = PBXBuildFile; fileRef = 114FE86B18032BF000C5841B /* framing.c */; };
		114FE8B918032BF100C5841B /* analysis.c in Sources */ = {isa = PBXBuildFile; fileRef = 114FE86D18032BF000C5841B /* analysis.c */; };
		114FE8BA18032BF100C5841B /* analysis.c in Sources */ = {isa = PBXBuildFile; fileRef = 114FE86D18032BF000C5841B /* analysis.c */; };
		114FE8BB18032BF100C5841B /* backends.h in Headers */ = {isa = PBXBuildFile; fileRef = 114FE86E18032BF000C5841B /* backends.h */; };
		114FE8BC18032BF100C5841B /* backends.h in Headers */ = {isa = PBXBuildFile; fileRef = 114FE86E18032BF000C5841B /* backends.h */; };
		114FE8BF18032BF100C5841B /* bitrate.c in Sources */ = {isa = PBXBuildFile; fileRef = 114FE87018032BF000C5841B /* bitrate.c */; settings = {COMPILER_FLAGS = "-Wno-conversion"; }; };
		114FE8C018032BF100C5841B /* bitrate.c in Sources */ = {isa = PBXBuildFile; fileRef = 114FE87018032BF000C5841B /* bitrate.c */; };
		114FE8C118032BF100C5841B /* bitrate.h in Headers */ = {isa = PBXBuildFile; fileRef = 114FE87118032BF000C5841B /* bitrate.h */; };
		114FE8C218032BF100C5841B /* bitrate.h in Headers */ = {isa = PBXBuildFile; fileRef = 114FE87118032BF000C5841B /* bitrate.h */; };
		114FE8C318032BF100C5841B /* block.c in Sources */ = {isa = PBXBuildFile; fileRef = 114FE87218032BF000C5841B /* block.c */; settings = {COMPILER_FLAGS = "-Wno-conversion"; }; };
		114FE8C418032BF100C5841B /* block.c in Sources */ = {isa = PBXBuildFile; fileRef = 114FE87218032BF000C5841B /* block.c */; };
		114FE8C518032BF100C5841B /* res_books_51.h in Headers */ = {isa = PBXBuildFile; fileRef = 114FE87518032BF000C5841B /* res_books_51.h */; };
		114FE8C618032BF100C5841B /* res_books_51.h in Headers */ = {isa = PBXBuildFile; fileRef = 114FE87518032BF000C5841B /* res_books_51.h */; };
		114FE8C718032BF100C5841B /* res_books_stereo.h in Headers */ = {isa = PBXBuildFile; fileRef = 114FE87618032BF000C5841B /* res_books_stereo.h */; };
		114FE8C818032BF100C5841B /* res_books_stereo.h in Headers */ = {isa = PBXBuildFile; fileRef = 114FE87618032BF000C5841B /* res_books_stereo.h */; };
		114FE8C918032BF100C5841B /* floor_books.h in Headers */ = {isa = PBXBuildFile; fileRef = 114FE87818032BF000C5841B /* floor_books.h */; };
		114FE8CA18032BF100C5841B /* floor_books.h in Headers */ = {isa = PBXBuildFile; fileRef = 114FE87818032BF000C5841B /* floor_books.h */; };
		114FE8CB18032BF100C5841B /* res_books_uncoupled.h in Headers */ = {isa = PBXBuildFile; fileRef = 114FE87A18032BF000C5841B /* res_books_uncoupled.h */; };
		114FE8CC18032BF100C5841B /* res_books_uncoupled.h in Headers */ = {isa = PBXBuildFile; fileRef = 114FE87A18032BF000C5841B /* res_books_uncoupled.h */; };
		114FE8CD18032BF100C5841B /* codebook.c in Sources */ = {isa = PBXBuildFile; fileRef = 114FE87B18032BF000C5841B /* codebook.c */; settings = {COMPILER_FLAGS = "-Wno-conversion -Wno-unused"; }; };
		114FE8CE18032BF100C5841B /* codebook.c in Sources */ = {isa = PBXBuildFile; fileRef = 114FE87B18032BF000C5841B /* codebook.c */; };
		114FE8CF18032BF100C5841B /* codebook.h in Headers */ = {isa = PBXBuildFile; fileRef = 114FE87C18032BF000C5841B /* codebook.h */; };
		114FE8D018032BF100C5841B /* codebook.h in Headers */ = {isa = PBXBuildFile; fileRef = 114FE87C18032BF000C5841B /* codebook.h */; };
		114FE8D118032BF100C5841B /* codec_internal.h in Headers */ = {isa = PBXBuildFile; fileRef = 114FE87D18032BF000C5841B /* codec_internal.h */; };
		114FE8D218032BF100C5841B /* codec_internal.h in Headers */ = {isa = PBXBuildFile; fileRef = 114FE87D18032BF000C5841B /* codec_internal.h */; };
		114FE8D318032BF100C5841B /* envelope.c in Sources */ = {isa = PBXBuildFile; fileRef = 114FE87E18032BF000C5841B /* envelope.c */; settings = {COMPILER_FLAGS = "-Wno-conversion"; }; };
		114FE8D418032BF100C5841B /* envelope.c in Sources */ = {isa = PBXBuildFile; fileRef = 114FE87E18032BF000C5841B /* envelope.c */; };
		114FE8D518032BF100C5841B /* envelope.h in Headers */ = {isa = PBXBuildFile; fileRef = 114FE87F18032BF000C5841B /* envelope.h */; };
		114FE8D618032BF100C5841B /* envelope.h in Headers */ = {isa = PBXBuildFile; fileRef = 114FE87F18032BF000C5841B /* envelope.h */; };
		114FE8D718032BF100C5841B /* floor0.c in Sources */ = {isa = PBXBuildFile; fileRef = 114FE88018032BF000C5841B /* floor0.c */; settings = {COMPILER_FLAGS = "-Wno-conversion"; }; };
		114FE8D818032BF100C5841B /* floor0.c in Sources */ = {isa = PBXBuildFile; fileRef = 114FE88018032BF000C5841B /* floor0.c */; };
		114FE8D918032BF100C5841B /* floor1.c in Sources */ = {isa = PBXBuildFile; fileRef = 114FE88118032BF000C5841B /* floor1.c */; settings = {COMPILER_FLAGS = "-Wno-conversion"; }; };
		114FE8DA18032BF100C5841B /* floor1.c in Sources */ = {isa = PBXBuildFile; fileRef = 114FE88118032BF000C5841B /* floor1.c */; };
		114FE8DB18032BF100C5841B /* highlevel.h in Headers */ = {isa = PBXBuildFile; fileRef = 114FE88218032BF000C5841B /* highlevel.h */; };
		114FE8DC18032BF100C5841B /* highlevel.h in Headers */ = {isa = PBXBuildFile; fileRef = 114FE88218032BF000C5841B /* highlevel.h */; };
		114FE8DD18032BF100C5841B /* info.c in Sources */ = {isa = PBXBuildFile; fileRef = 114FE88318032BF000C5841B /* info.c */; settings = {COMPILER_FLAGS = "-Wno-conversion"; }; };
		114FE8DE18032BF100C5841B /* info.c in Sources */ = {isa = PBXBuildFile; fileRef = 114FE88318032BF000C5841B /* info.c */; };
		114FE8DF18032BF100C5841B /* lookup.c in Sources */ = {isa = PBXBuildFile; fileRef = 114FE88418032BF000C5841B /* lookup.c */; };
		114FE8E018032BF100C5841B /* lookup.c in Sources */ = {isa = PBXBuildFile; fileRef = 114FE88418032BF000C5841B /* lookup.c */; };
		114FE8E118032BF100C5841B /* lookup.h in Headers */ = {isa = PBXBuildFile; fileRef = 114FE88518032BF000C5841B /* lookup.h */; };
		114FE8E218032BF100C5841B /* lookup.h in Headers */ = {isa = PBXBuildFile; fileRef = 114FE88518032BF000C5841B /* lookup.h */; };
		114FE8E318032BF100C5841B /* lookup_data.h in Headers */ = {isa = PBXBuildFile; fileRef = 114FE88618032BF000C5841B /* lookup_data.h */; };
		114FE8E418032BF100C5841B /* lookup_data.h in Headers */ = {isa = PBXBuildFile; fileRef = 114FE88618032BF000C5841B /* lookup_data.h */; };
		114FE8E518032BF100C5841B /* lpc.c in Sources */ = {isa = PBXBuildFile; fileRef = 114FE88718032BF000C5841B /* lpc.c */; };
		114FE8E618032BF100C5841B /* lpc.c in Sources */ = {isa = PBXBuildFile; fileRef = 114FE88718032BF000C5841B /* lpc.c */; };
		114FE8E718032BF100C5841B /* lpc.h in Headers */ = {isa = PBXBuildFile; fileRef = 114FE88818032BF000C5841B /* lpc.h */; };
		114FE8E818032BF100C5841B /* lpc.h in Headers */ = {isa = PBXBuildFile; fileRef = 114FE88818032BF000C5841B /* lpc.h */; };
		114FE8E918032BF100C5841B /* lsp.c in Sources */ = {isa = PBXBuildFile; fileRef = 114FE88918032BF000C5841B /* lsp.c */; };
		114FE8EA18032BF100C5841B /* lsp.c in Sources */ = {isa = PBXBuildFile; fileRef = 114FE88918032BF000C5841B /* lsp.c */; };
		114FE8EB18032BF100C5841B /* lsp.h in Headers */ = {isa = PBXBuildFile; fileRef = 114FE88A18032BF000C5841B /* lsp.h */; };
		114FE8EC18032BF100C5841B /* lsp.h in Headers */ = {isa = PBXBuildFile; fileRef = 114FE88A18032BF000C5841B /* lsp.h */; };
		114FE8ED18032BF100C5841B /* mapping0.c in Sources */ = {isa = PBXBuildFile; fileRef = 114FE88B18032BF000C5841B /* mapping0.c */; settings = {COMPILER_FLAGS = "-Wno-conversion"; }; };
		114FE8EE18032BF100C5841B /* mapping0.c in Sources */ = {isa = PBXBuildFile; fileRef = 114FE88B18032BF000C5841B /* mapping0.c */; };
		114FE8EF18032BF100C5841B /* masking.h in Headers */ = {isa = PBXBuildFile; fileRef = 114FE88C18032BF000C5841B /* masking.h */; };
		114FE8F018032BF100C5841B /* masking.h in Headers */ = {isa = PBXBuildFile; fileRef = 114FE88C18032BF000C5841B /* masking.h */; };
		114FE8F118032BF100C5841B /* mdct.c in Sources */ = {isa = PBXBuildFile; fileRef = 114FE88D18032BF000C5841B /* mdct.c */; };
		114FE8F218032BF100C5841B /* mdct.c in Sources */ = {isa = PBXBuildFile; fileRef = 114FE88D18032BF000C5841B /* mdct.c */; };
		114FE8F318032BF100C5841B /* mdct.h in Headers */ = {isa = PBXBuildFile; fileRef = 114FE88E18032BF000C5841B /* mdct.h */; };
		114FE8F418032BF100C5841B /* mdct.h in Headers */ = {isa = PBXBuildFile; fileRef = 114FE88E18032BF000C5841B /* mdct.h */; };
		114FE8F518032BF100C5841B /* misc.h in Headers */ = {isa = PBXBuildFile; fileRef = 114FE88F18032BF000C5841B /* misc.h */; };
		114FE8F618032BF100C5841B /* misc.h in Headers */ = {isa = PBXBuildFile; fileRef = 114FE88F18032BF000C5841B /* misc.h */; };
		114FE8F718032BF100C5841B /* floor_all.h in Headers */ = {isa = PBXBuildFile; fileRef = 114FE89118032BF000C5841B /* floor_all.h */; };
		114FE8F818032BF100C5841B /* floor_all.h in Headers */ = {isa = PBXBuildFile; fileRef = 114FE89118032BF000C5841B /* floor_all.h */; };
		114FE8F918032BF100C5841B /* psych_11.h in Headers */ = {isa = PBXBuildFile; fileRef = 114FE89218032BF000C5841B /* psych_11.h */; };
		114FE8FA18032BF100C5841B /* psych_11.h in Headers */ = {isa = PBXBuildFile; fileRef = 114FE89218032BF000C5841B /* psych_11.h */; };
		114FE8FB18032BF100C5841B /* psych_16.h in Headers */ = {isa = PBXBuildFile; fileRef = 114FE89318032BF000C5841B /* psych_16.h */; };
		114FE8FC18032BF100C5841B /* psych_16.h in Headers */ = {isa = PBXBuildFile; fileRef = 114FE89318032BF000C5841B /* psych_16.h */; };
		114FE8FD18032BF100C5841B /* psych_44.h in Headers */ = {isa = PBXBuildFile; fileRef = 114FE89418032BF000C5841B /* psych_44.h */; };
		114FE8FE18032BF100C5841B /* psych_44.h in Headers */ = {isa = PBXBuildFile; fileRef = 114FE89418032BF000C5841B /* psych_44.h */; };
		114FE8FF18032BF100C5841B /* psych_8.h in Headers */ = {isa = PBXBuildFile; fileRef = 114FE89518032BF000C5841B /* psych_8.h */; };
		114FE90018032BF100C5841B /* psych_8.h in Headers */ = {isa = PBXBuildFile; fileRef = 114FE89518032BF000C5841B /* psych_8.h */; };
		114FE90118032BF100C5841B /* residue_16.h in Headers */ = {isa = PBXBuildFile; fileRef = 114FE89618032BF000C5841B /* residue_16.h */; };
		114FE90218032BF100C5841B /* residue_16.h in Headers */ = {isa = PBXBuildFile; fileRef = 114FE89618032BF000C5841B /* residue_16.h */; };
		114FE90318032BF100C5841B /* residue_44.h in Headers */ = {isa = PBXBuildFile; fileRef = 114FE89718032BF000C5841B /* residue_44.h */; };
		114FE90418032BF100C5841B /* residue_44.h in Headers */ = {isa = PBXBuildFile; fileRef = 114FE89718032BF000C5841B /* residue_44.h */; };
		114FE90518032BF100C5841B /* residue_44p51.h in Headers */ = {isa = PBXBuildFile; fileRef = 114FE89818032BF000C5841B /* residue_44p51.h */; };
		114FE90618032BF100C5841B /* residue_44p51.h in Headers */ = {isa = PBXBuildFile; fileRef = 114FE89818032BF000C5841B /* residue_44p51.h */; };
		114FE90718032BF100C5841B /* residue_44u.h in Headers */ = {isa = PBXBuildFile; fileRef = 114FE89918032BF000C5841B /* residue_44u.h */; };
		114FE90818032BF100C5841B /* residue_44u.h in Headers */ = {isa = PBXBuildFile; fileRef = 114FE89918032BF000C5841B /* residue_44u.h */; };
		114FE90918032BF100C5841B /* residue_8.h in Headers */ = {isa = PBXBuildFile; fileRef = 114FE89A18032BF000C5841B /* residue_8.h */; };
		114FE90A18032BF100C5841B /* residue_8.h in Headers */ = {isa = PBXBuildFile; fileRef = 114FE89A18032BF000C5841B /* residue_8.h */; };
		114FE90B18032BF100C5841B /* setup_11.h in Headers */ = {isa = PBXBuildFile; fileRef = 114FE89B18032BF000C5841B /* setup_11.h */; };
		114FE90C18032BF100C5841B /* setup_11.h in Headers */ = {isa = PBXBuildFile; fileRef = 114FE89B18032BF000C5841B /* setup_11.h */; };
		114FE90D18032BF100C5841B /* setup_16.h in Headers */ = {isa = PBXBuildFile; fileRef = 114FE89C18032BF000C5841B /* setup_16.h */; };
		114FE90E18032BF100C5841B /* setup_16.h in Headers */ = {isa = PBXBuildFile; fileRef = 114FE89C18032BF000C5841B /* setup_16.h */; };
		114FE90F18032BF100C5841B /* setup_22.h in Headers */ = {isa = PBXBuildFile; fileRef = 114FE89D18032BF000C5841B /* setup_22.h */; };
		114FE91018032BF100C5841B /* setup_22.h in Headers */ = {isa = PBXBuildFile; fileRef = 114FE89D18032BF000C5841B /* setup_22.h */; };
		114FE91118032BF100C5841B /* setup_32.h in Headers */ = {isa = PBXBuildFile; fileRef = 114FE89E18032BF000C5841B /* setup_32.h */; };
		114FE91218032BF100C5841B /* setup_32.h in Headers */ = {isa = PBXBuildFile; fileRef = 114FE89E18032BF000C5841B /* setup_32.h */; };
		114FE91318032BF100C5841B /* setup_44.h in Headers */ = {isa = PBXBuildFile; fileRef = 114FE89F18032BF000C5841B /* setup_44.h */; };
		114FE91418032BF100C5841B /* setup_44.h in Headers */ = {isa = PBXBuildFile; fileRef = 114FE89F18032BF000C5841B /* setup_44.h */; };
		114FE91518032BF100C5841B /* setup_44p51.h in Headers */ = {isa = PBXBuildFile; fileRef = 114FE8A018032BF000C5841B /* setup_44p51.h */; };
		114FE91618032BF100C5841B /* setup_44p51.h in Headers */ = {isa = PBXBuildFile; fileRef = 114FE8A018032BF000C5841B /* setup_44p51.h */; };
		114FE91718032BF100C5841B /* setup_44u.h in Headers */ = {isa = PBXBuildFile; fileRef = 114FE8A118032BF000C5841B /* setup_44u.h */; };
		114FE91818032BF100C5841B /* setup_44u.h in Headers */ = {isa = PBXBuildFile; fileRef = 114FE8A118032BF000C5841B /* setup_44u.h */; };
		114FE91918032BF100C5841B /* setup_8.h in Headers */ = {isa = PBXBuildFile; fileRef = 114FE8A218032BF000C5841B /* setup_8.h */; };
		114FE91A18032BF100C5841B /* setup_8.h in Headers */ = {isa = PBXBuildFile; fileRef = 114FE8A218032BF000C5841B /* setup_8.h */; };
		114FE91B18032BF100C5841B /* setup_X.h in Headers */ = {isa = PBXBuildFile; fileRef = 114FE8A318032BF000C5841B /* setup_X.h */; };
		114FE91C18032BF100C5841B /* setup_X.h in Headers */ = {isa = PBXBuildFile; fileRef = 114FE8A318032BF000C5841B /* setup_X.h */; };
		114FE91D18032BF100C5841B /* os.h in Headers */ = {isa = PBXBuildFile; fileRef = 114FE8A418032BF000C5841B /* os.h */; };
		114FE91E18032BF100C5841B /* os.h in Headers */ = {isa = PBXBuildFile; fileRef = 114FE8A418032BF000C5841B /* os.h */; };
		114FE91F18032BF100C5841B /* psy.c in Sources */ = {isa = PBXBuildFile; fileRef = 114FE8A518032BF000C5841B /* psy.c */; settings = {COMPILER_FLAGS = "-Wno-conversion"; }; };
		114FE92018032BF100C5841B /* psy.c in Sources */ = {isa = PBXBuildFile; fileRef = 114FE8A518032BF000C5841B /* psy.c */; };
		114FE92118032BF100C5841B /* psy.h in Headers */ = {isa = PBXBuildFile; fileRef = 114FE8A618032BF000C5841B /* psy.h */; };
		114FE92218032BF100C5841B /* psy.h in Headers */ = {isa = PBXBuildFile; fileRef = 114FE8A618032BF000C5841B /* psy.h */; };
		114FE92518032BF100C5841B /* registry.c in Sources */ = {isa = PBXBuildFile; fileRef = 114FE8A818032BF000C5841B /* registry.c */; };
		114FE92618032BF100C5841B /* registry.c in Sources */ = {isa = PBXBuildFile; fileRef = 114FE8A818032BF000C5841B /* registry.c */; };
		114FE92718032BF100C5841B /* registry.h in Headers */ = {isa = PBXBuildFile; fileRef = 114FE8A918032BF000C5841B /* registry.h */; };
		114FE92818032BF100C5841B /* registry.h in Headers */ = {isa = PBXBuildFile; fileRef = 114FE8A918032BF000C5841B /* registry.h */; };
		114FE92918032BF100C5841B /* res0.c in Sources */ = {isa = PBXBuildFile; fileRef = 114FE8AA18032BF000C5841B /* res0.c */; settings = {COMPILER_FLAGS = "-Wno-conversion"; }; };
		114FE92A18032BF100C5841B /* res0.c in Sources */ = {isa = PBXBuildFile; fileRef = 114FE8AA18032BF000C5841B /* res0.c */; };
		114FE92B18032BF100C5841B /* scales.h in Headers */ = {isa = PBXBuildFile; fileRef = 114FE8AB18032BF000C5841B /* scales.h */; };
		114FE92C18032BF100C5841B /* scales.h in Headers */ = {isa = PBXBuildFile; fileRef = 114FE8AB18032BF000C5841B /* scales.h */; };
		114FE92D18032BF100C5841B /* sharedbook.c in Sources */ = {isa = PBXBuildFile; fileRef = 114FE8AC18032BF000C5841B /* sharedbook.c */; settings = {COMPILER_FLAGS = "-Wno-conversion"; }; };
		114FE92E18032BF100C5841B /* sharedbook.c in Sources */ = {isa = PBXBuildFile; fileRef = 114FE8AC18032BF000C5841B /* sharedbook.c */; };
		114FE92F18032BF100C5841B /* smallft.c in Sources */ = {isa = PBXBuildFile; fileRef = 114FE8AD18032BF000C5841B /* smallft.c */; };
		114FE93018032BF100C5841B /* smallft.c in Sources */ = {isa = PBXBuildFile; fileRef = 114FE8AD18032BF000C5841B /* smallft.c */; };
		114FE93118032BF100C5841B /* smallft.h in Headers */ = {isa = PBXBuildFile; fileRef = 114FE8AE18032BF000C5841B /* smallft.h */; };
		114FE93218032BF100C5841B /* smallft.h in Headers */ = {isa = PBXBuildFile; fileRef = 114FE8AE18032BF000C5841B /* smallft.h */; };
		114FE93318032BF100C5841B /* synthesis.c in Sources */ = {isa = PBXBuildFile; fileRef = 114FE8AF18032BF000C5841B /* synthesis.c */; settings = {COMPILER_FLAGS = "-Wno-conversion"; }; };
		114FE93418032BF100C5841B /* synthesis.c in Sources */ = {isa = PBXBuildFile; fileRef = 114FE8AF18032BF000C5841B /* synthesis.c */; };
		114FE93718032BF100C5841B /* vorbisenc.c in Sources */ = {isa = PBXBuildFile; fileRef = 114FE8B118032BF000C5841B /* vorbisenc.c */; settings = {COMPILER_FLAGS = "-Wno-conversion"; }; };
		114FE93818032BF100C5841B /* vorbisenc.c in Sources */ = {isa = PBXBuildFile; fileRef = 114FE8B118032BF000C5841B /* vorbisenc.c */; };
		114FE93918032BF100C5841B /* vorbisfile.c in Sources */ = {isa = PBXBuildFile; fileRef = 114FE8B218032BF000C5841B /* vorbisfile.c */; settings = {COMPILER_FLAGS = "-Wno-conversion"; }; };
		114FE93A18032BF100C5841B /* vorbisfile.c in Sources */ = {isa = PBXBuildFile; fileRef = 114FE8B218032BF000C5841B /* vorbisfile.c */; };
		114FE93B18032BF100C5841B /* window.c in Sources */ = {isa = PBXBuildFile; fileRef = 114FE8B318032BF000C5841B /* window.c */; settings = {COMPILER_FLAGS = "-Wno-conversion"; }; };
		114FE93C18032BF100C5841B /* window.c in Sources */ = {isa = PBXBuildFile; fileRef = 114FE8B318032BF000C5841B /* window.c */; };
		114FE93D18032BF100C5841B /* window.h in Headers */ = {isa = PBXBuildFile; fileRef = 114FE8B418032BF000C5841B /* window.h */; };
		114FE93E18032BF100C5841B /* window.h in Headers */ = {isa = PBXBuildFile; fileRef = 114FE8B418032BF000C5841B /* window.h */; };
		114FE985180371F100C5841B /* CDSPBlockConvolver.h in Headers */ = {isa = PBXBuildFile; fileRef = 114FE979180371F100C5841B /* CDSPBlockConvolver.h */; };
		114FE986180371F100C5841B /* CDSPBlockConvolver.h in Headers */ = {isa = PBXBuildFile; fileRef = 114FE979180371F100C5841B /* CDSPBlockConvolver.h */; };
		114FE987180371F100C5841B /* CDSPFIRFilter.h in Headers */ = {isa = PBXBuildFile; fileRef = 114FE97A180371F100C5841B /* CDSPFIRFilter.h */; };
		114FE988180371F100C5841B /* CDSPFIRFilter.h in Headers */ = {isa = PBXBuildFile; fileRef = 114FE97A180371F100C5841B /* CDSPFIRFilter.h */; };
		114FE989180371F100C5841B /* CDSPFracInterpolator.h in Headers */ = {isa = PBXBuildFile; fileRef = 114FE97B180371F100C5841B /* CDSPFracInterpolator.h */; };
		114FE98A180371F100C5841B /* CDSPFracInterpolator.h in Headers */ = {isa = PBXBuildFile; fileRef = 114FE97B180371F100C5841B /* CDSPFracInterpolator.h */; };
		114FE98B180371F100C5841B /* CDSPRealFFT.h in Headers */ = {isa = PBXBuildFile; fileRef = 114FE97C180371F100C5841B /* CDSPRealFFT.h */; };
		114FE98C180371F100C5841B /* CDSPRealFFT.h in Headers */ = {isa = PBXBuildFile; fileRef = 114FE97C180371F100C5841B /* CDSPRealFFT.h */; };
		114FE98D180371F100C5841B /* CDSPResampler.h in Headers */ = {isa = PBXBuildFile; fileRef = 114FE97D180371F100C5841B /* CDSPResampler.h */; };
		114FE98E180371F100C5841B /* CDSPResampler.h in Headers */ = {isa = PBXBuildFile; fileRef = 114FE97D180371F100C5841B /* CDSPResampler.h */; };
		114FE98F180371F100C5841B /* CDSPSincFilterGen.h in Headers */ = {isa = PBXBuildFile; fileRef = 114FE97E180371F100C5841B /* CDSPSincFilterGen.h */; };
		114FE990180371F100C5841B /* CDSPSincFilterGen.h in Headers */ = {isa = PBXBuildFile; fileRef = 114FE97E180371F100C5841B /* CDSPSincFilterGen.h */; };
		114FE993180371F100C5841B /* fft4g.h in Headers */ = {isa = PBXBuildFile; fileRef = 114FE980180371F100C5841B /* fft4g.h */; };
		114FE994180371F100C5841B /* fft4g.h in Headers */ = {isa = PBXBuildFile; fileRef = 114FE980180371F100C5841B /* fft4g.h */; };
		114FE995180371F100C5841B /* r8bbase.cpp in Sources */ = {isa = PBXBuildFile; fileRef = 114FE982180371F100C5841B /* r8bbase.cpp */; };
		114FE996180371F100C5841B /* r8bbase.cpp in Sources */ = {isa = PBXBuildFile; fileRef = 114FE982180371F100C5841B /* r8bbase.cpp */; };
		114FE997180371F100C5841B /* r8bbase.h in Headers */ = {isa = PBXBuildFile; fileRef = 114FE983180371F100C5841B /* r8bbase.h */; };
		114FE998180371F100C5841B /* r8bbase.h in Headers */ = {isa = PBXBuildFile; fileRef = 114FE983180371F100C5841B /* r8bbase.h */; };
		114FE999180371F100C5841B /* r8bconf.h in Headers */ = {isa = PBXBuildFile; fileRef = 114FE984180371F100C5841B /* r8bconf.h */; };
		114FE99A180371F100C5841B /* r8bconf.h in Headers */ = {isa = PBXBuildFile; fileRef = 114FE984180371F100C5841B /* r8bconf.h */; };
		114FE99D1803722600C5841B /* ConverterImplR8brain.cpp in Sources */ = {isa = PBXBuildFile; fileRef = 114FE99B1803722600C5841B /* ConverterImplR8brain.cpp */; };
		114FE99E1803722600C5841B /* ConverterImplR8brain.cpp in Sources */ = {isa = PBXBuildFile; fileRef = 114FE99B1803722600C5841B /* ConverterImplR8brain.cpp */; };
		114FE99F1803722600C5841B /* ConverterImplR8brain.h in Headers */ = {isa = PBXBuildFile; fileRef = 114FE99C1803722600C5841B /* ConverterImplR8brain.h */; };
		114FE9A01803722600C5841B /* ConverterImplR8brain.h in Headers */ = {isa = PBXBuildFile; fileRef = 114FE99C1803722600C5841B /* ConverterImplR8brain.h */; };
		114FE9A21806576400C5841B /* NodeEffect.cpp in Sources */ = {isa = PBXBuildFile; fileRef = 114FE9A11806576400C5841B /* NodeEffect.cpp */; };
		114FE9A31806576400C5841B /* NodeEffect.cpp in Sources */ = {isa = PBXBuildFile; fileRef = 114FE9A11806576400C5841B /* NodeEffect.cpp */; };
		116607641834300C00CF96F0 /* Param.cpp in Sources */ = {isa = PBXBuildFile; fileRef = 116607621834300C00CF96F0 /* Param.cpp */; };
		116607651834300C00CF96F0 /* Param.cpp in Sources */ = {isa = PBXBuildFile; fileRef = 116607621834300C00CF96F0 /* Param.cpp */; };
		116607661834300C00CF96F0 /* Param.h in Headers */ = {isa = PBXBuildFile; fileRef = 116607631834300C00CF96F0 /* Param.h */; };
		116607671834300C00CF96F0 /* Param.h in Headers */ = {isa = PBXBuildFile; fileRef = 116607631834300C00CF96F0 /* Param.h */; };
		1180FD8B17AB7CB70070AC30 /* Node.cpp in Sources */ = {isa = PBXBuildFile; fileRef = 1180FD8917AB7CB70070AC30 /* Node.cpp */; };
		1180FD8C17AB7CB70070AC30 /* Node.cpp in Sources */ = {isa = PBXBuildFile; fileRef = 1180FD8917AB7CB70070AC30 /* Node.cpp */; };
		1180FD8D17AB7CB70070AC30 /* Node.h in Headers */ = {isa = PBXBuildFile; fileRef = 1180FD8A17AB7CB70070AC30 /* Node.h */; };
		1180FD8E17AB7CB70070AC30 /* Node.h in Headers */ = {isa = PBXBuildFile; fileRef = 1180FD8A17AB7CB70070AC30 /* Node.h */; };
		118EB899180CF7D500E056C5 /* Exception.h in Headers */ = {isa = PBXBuildFile; fileRef = 118EB898180CF7D500E056C5 /* Exception.h */; };
		118EB89A180CF7D500E056C5 /* Exception.h in Headers */ = {isa = PBXBuildFile; fileRef = 118EB898180CF7D500E056C5 /* Exception.h */; };
		118EB8E8180F871F00E056C5 /* Biquad.cpp in Sources */ = {isa = PBXBuildFile; fileRef = 118EB8E6180F871F00E056C5 /* Biquad.cpp */; };
		118EB8E9180F871F00E056C5 /* Biquad.cpp in Sources */ = {isa = PBXBuildFile; fileRef = 118EB8E6180F871F00E056C5 /* Biquad.cpp */; };
		118EB8EA180F871F00E056C5 /* Biquad.h in Headers */ = {isa = PBXBuildFile; fileRef = 118EB8E7180F871F00E056C5 /* Biquad.h */; };
		118EB8EB180F871F00E056C5 /* Biquad.h in Headers */ = {isa = PBXBuildFile; fileRef = 118EB8E7180F871F00E056C5 /* Biquad.h */; };
		118EB8EE180F984B00E056C5 /* NodeFilter.cpp in Sources */ = {isa = PBXBuildFile; fileRef = 118EB8EC180F984B00E056C5 /* NodeFilter.cpp */; };
		118EB8EF180F984B00E056C5 /* NodeFilter.cpp in Sources */ = {isa = PBXBuildFile; fileRef = 118EB8EC180F984B00E056C5 /* NodeFilter.cpp */; };
		118EB8F0180F984B00E056C5 /* NodeFilter.h in Headers */ = {isa = PBXBuildFile; fileRef = 118EB8ED180F984B00E056C5 /* NodeFilter.h */; };
		118EB8F1180F984B00E056C5 /* NodeFilter.h in Headers */ = {isa = PBXBuildFile; fileRef = 118EB8ED180F984B00E056C5 /* NodeFilter.h */; };
		11A669EE17E9623B003DF9B1 /* CinderAssert.cpp in Sources */ = {isa = PBXBuildFile; fileRef = 11A669ED17E9623B003DF9B1 /* CinderAssert.cpp */; };
		11A669EF17E9623B003DF9B1 /* CinderAssert.cpp in Sources */ = {isa = PBXBuildFile; fileRef = 11A669ED17E9623B003DF9B1 /* CinderAssert.cpp */; };
		11B041B3179B8A0C0034BEE2 /* CinderAssert.h in Headers */ = {isa = PBXBuildFile; fileRef = 11B041B2179B8A0C0034BEE2 /* CinderAssert.h */; };
		11B041F4179B90450034BEE2 /* NodeSource.cpp in Sources */ = {isa = PBXBuildFile; fileRef = 1104F48017754A6E003EAA2B /* NodeSource.cpp */; };
		11B041F6179B90450034BEE2 /* CinderCoreAudio.cpp in Sources */ = {isa = PBXBuildFile; fileRef = 11C58DE7177943DA00DF99F8 /* CinderCoreAudio.cpp */; };
		11B041F7179B90450034BEE2 /* Dsp.cpp in Sources */ = {isa = PBXBuildFile; fileRef = 1104F47917754A6E003EAA2B /* Dsp.cpp */; };
		11B041F8179B90450034BEE2 /* Device.cpp in Sources */ = {isa = PBXBuildFile; fileRef = 1104F47717754A6E003EAA2B /* Device.cpp */; };
		11B041FA179B90450034BEE2 /* Context.cpp in Sources */ = {isa = PBXBuildFile; fileRef = 1104F47417754A6E003EAA2B /* Context.cpp */; };
		11B041FB179B90450034BEE2 /* ContextAudioUnit.cpp in Sources */ = {isa = PBXBuildFile; fileRef = 1104F46817754A6E003EAA2B /* ContextAudioUnit.cpp */; };
		11B041FD179B90450034BEE2 /* Fft.cpp in Sources */ = {isa = PBXBuildFile; fileRef = 1104F47C17754A6E003EAA2B /* Fft.cpp */; };
		11B041FE179B90450034BEE2 /* audio.cpp in Sources */ = {isa = PBXBuildFile; fileRef = 1104F46417754A6E003EAA2B /* audio.cpp */; };
		11B041FF179B90450034BEE2 /* FileCoreAudio.cpp in Sources */ = {isa = PBXBuildFile; fileRef = 1104F47017754A6E003EAA2B /* FileCoreAudio.cpp */; };
		11B04201179B90450034BEE2 /* File.cpp in Sources */ = {isa = PBXBuildFile; fileRef = 1104F47E17754A6E003EAA2B /* File.cpp */; };
		11B04204179B90450034BEE2 /* Debug.h in Headers */ = {isa = PBXBuildFile; fileRef = 1104F47617754A6E003EAA2B /* Debug.h */; };
		11B04206179B90450034BEE2 /* ContextAudioUnit.h in Headers */ = {isa = PBXBuildFile; fileRef = 1104F46917754A6E003EAA2B /* ContextAudioUnit.h */; };
		11B04208179B90450034BEE2 /* CinderCoreAudio.h in Headers */ = {isa = PBXBuildFile; fileRef = 11C58DE8177943DA00DF99F8 /* CinderCoreAudio.h */; };
		11B04209179B90450034BEE2 /* NodeSource.h in Headers */ = {isa = PBXBuildFile; fileRef = 1104F48117754A6E003EAA2B /* NodeSource.h */; };
		11B0420A179B90450034BEE2 /* File.h in Headers */ = {isa = PBXBuildFile; fileRef = 1104F47F17754A6E003EAA2B /* File.h */; };
		11B0420B179B90450034BEE2 /* Context.h in Headers */ = {isa = PBXBuildFile; fileRef = 1104F47517754A6E003EAA2B /* Context.h */; };
		11B0420C179B90450034BEE2 /* Dsp.h in Headers */ = {isa = PBXBuildFile; fileRef = 1104F47A17754A6E003EAA2B /* Dsp.h */; };
		11B0420D179B90450034BEE2 /* Buffer.h in Headers */ = {isa = PBXBuildFile; fileRef = 1104F46617754A6E003EAA2B /* Buffer.h */; };
		11B0420E179B90450034BEE2 /* DeviceManagerCoreAudio.h in Headers */ = {isa = PBXBuildFile; fileRef = 1104F46F17754A6E003EAA2B /* DeviceManagerCoreAudio.h */; };
		11B0420F179B90450034BEE2 /* audio.h in Headers */ = {isa = PBXBuildFile; fileRef = 1104F46517754A6E003EAA2B /* audio.h */; };
		11B04210179B90450034BEE2 /* Fft.h in Headers */ = {isa = PBXBuildFile; fileRef = 1104F47D17754A6E003EAA2B /* Fft.h */; };
		11B04212179B90450034BEE2 /* CinderAssert.h in Headers */ = {isa = PBXBuildFile; fileRef = 11B041B2179B8A0C0034BEE2 /* CinderAssert.h */; };
		11B04213179B90450034BEE2 /* RingBuffer.h in Headers */ = {isa = PBXBuildFile; fileRef = 1104F49217754A6E003EAA2B /* RingBuffer.h */; };
		11B04215179B90450034BEE2 /* FileCoreAudio.h in Headers */ = {isa = PBXBuildFile; fileRef = 1104F47117754A6E003EAA2B /* FileCoreAudio.h */; };
		11B04218179B90450034BEE2 /* Device.h in Headers */ = {isa = PBXBuildFile; fileRef = 1104F47817754A6E003EAA2B /* Device.h */; };
		11B0421D179B92CB0034BEE2 /* DeviceManagerAudioSession.cpp in Sources */ = {isa = PBXBuildFile; fileRef = 1104F46C17754A6E003EAA2B /* DeviceManagerAudioSession.cpp */; };
		11B0421E179B92D10034BEE2 /* DeviceManagerCoreAudio.cpp in Sources */ = {isa = PBXBuildFile; fileRef = 1104F46E17754A6E003EAA2B /* DeviceManagerCoreAudio.cpp */; };
		11C58DE9177943DA00DF99F8 /* CinderCoreAudio.cpp in Sources */ = {isa = PBXBuildFile; fileRef = 11C58DE7177943DA00DF99F8 /* CinderCoreAudio.cpp */; };
		11C58DEA177943DA00DF99F8 /* CinderCoreAudio.h in Headers */ = {isa = PBXBuildFile; fileRef = 11C58DE8177943DA00DF99F8 /* CinderCoreAudio.h */; };
		11D6946017D0475000B0D2BB /* fftsg.cpp in Sources */ = {isa = PBXBuildFile; fileRef = 11D6945E17D0475000B0D2BB /* fftsg.cpp */; };
		11D6946117D0475000B0D2BB /* fftsg.cpp in Sources */ = {isa = PBXBuildFile; fileRef = 11D6945E17D0475000B0D2BB /* fftsg.cpp */; };
		11D6946217D0475000B0D2BB /* fftsg.h in Headers */ = {isa = PBXBuildFile; fileRef = 11D6945F17D0475000B0D2BB /* fftsg.h */; };
		11D6946317D0475000B0D2BB /* fftsg.h in Headers */ = {isa = PBXBuildFile; fileRef = 11D6945F17D0475000B0D2BB /* fftsg.h */; };
/* End PBXBuildFile section */

/* Begin PBXFileReference section */
		1104F3C917753F10003EAA2B /* libAudio2.a */ = {isa = PBXFileReference; explicitFileType = archive.ar; includeInIndex = 0; path = libAudio2.a; sourceTree = BUILT_PRODUCTS_DIR; };
		1104F3CC17753F10003EAA2B /* Cocoa.framework */ = {isa = PBXFileReference; lastKnownFileType = wrapper.framework; name = Cocoa.framework; path = System/Library/Frameworks/Cocoa.framework; sourceTree = SDKROOT; };
		1104F3CF17753F10003EAA2B /* Foundation.framework */ = {isa = PBXFileReference; lastKnownFileType = wrapper.framework; name = Foundation.framework; path = System/Library/Frameworks/Foundation.framework; sourceTree = SDKROOT; };
		1104F46417754A6E003EAA2B /* audio.cpp */ = {isa = PBXFileReference; fileEncoding = 4; lastKnownFileType = sourcecode.cpp.cpp; path = audio.cpp; sourceTree = "<group>"; };
		1104F46517754A6E003EAA2B /* audio.h */ = {isa = PBXFileReference; fileEncoding = 4; lastKnownFileType = sourcecode.c.h; path = audio.h; sourceTree = "<group>"; };
		1104F46617754A6E003EAA2B /* Buffer.h */ = {isa = PBXFileReference; fileEncoding = 4; lastKnownFileType = sourcecode.c.h; path = Buffer.h; sourceTree = "<group>"; };
		1104F46817754A6E003EAA2B /* ContextAudioUnit.cpp */ = {isa = PBXFileReference; fileEncoding = 4; lastKnownFileType = sourcecode.cpp.cpp; path = ContextAudioUnit.cpp; sourceTree = "<group>"; xcLanguageSpecificationIdentifier = xcode.lang.cpp; };
		1104F46917754A6E003EAA2B /* ContextAudioUnit.h */ = {isa = PBXFileReference; fileEncoding = 4; lastKnownFileType = sourcecode.c.h; path = ContextAudioUnit.h; sourceTree = "<group>"; };
		1104F46C17754A6E003EAA2B /* DeviceManagerAudioSession.cpp */ = {isa = PBXFileReference; explicitFileType = sourcecode.cpp.objcpp; fileEncoding = 4; path = DeviceManagerAudioSession.cpp; sourceTree = "<group>"; };
		1104F46D17754A6E003EAA2B /* DeviceManagerAudioSession.h */ = {isa = PBXFileReference; fileEncoding = 4; lastKnownFileType = sourcecode.c.h; path = DeviceManagerAudioSession.h; sourceTree = "<group>"; };
		1104F46E17754A6E003EAA2B /* DeviceManagerCoreAudio.cpp */ = {isa = PBXFileReference; fileEncoding = 4; lastKnownFileType = sourcecode.cpp.cpp; path = DeviceManagerCoreAudio.cpp; sourceTree = "<group>"; };
		1104F46F17754A6E003EAA2B /* DeviceManagerCoreAudio.h */ = {isa = PBXFileReference; fileEncoding = 4; lastKnownFileType = sourcecode.c.h; path = DeviceManagerCoreAudio.h; sourceTree = "<group>"; };
		1104F47017754A6E003EAA2B /* FileCoreAudio.cpp */ = {isa = PBXFileReference; fileEncoding = 4; lastKnownFileType = sourcecode.cpp.cpp; path = FileCoreAudio.cpp; sourceTree = "<group>"; };
		1104F47117754A6E003EAA2B /* FileCoreAudio.h */ = {isa = PBXFileReference; fileEncoding = 4; lastKnownFileType = sourcecode.c.h; path = FileCoreAudio.h; sourceTree = "<group>"; };
		1104F47417754A6E003EAA2B /* Context.cpp */ = {isa = PBXFileReference; fileEncoding = 4; lastKnownFileType = sourcecode.cpp.cpp; path = Context.cpp; sourceTree = "<group>"; };
		1104F47517754A6E003EAA2B /* Context.h */ = {isa = PBXFileReference; fileEncoding = 4; lastKnownFileType = sourcecode.c.h; path = Context.h; sourceTree = "<group>"; };
		1104F47617754A6E003EAA2B /* Debug.h */ = {isa = PBXFileReference; fileEncoding = 4; lastKnownFileType = sourcecode.c.h; path = Debug.h; sourceTree = "<group>"; };
		1104F47717754A6E003EAA2B /* Device.cpp */ = {isa = PBXFileReference; fileEncoding = 4; lastKnownFileType = sourcecode.cpp.cpp; path = Device.cpp; sourceTree = "<group>"; };
		1104F47817754A6E003EAA2B /* Device.h */ = {isa = PBXFileReference; fileEncoding = 4; lastKnownFileType = sourcecode.c.h; path = Device.h; sourceTree = "<group>"; };
		1104F47917754A6E003EAA2B /* Dsp.cpp */ = {isa = PBXFileReference; fileEncoding = 4; lastKnownFileType = sourcecode.cpp.cpp; path = Dsp.cpp; sourceTree = "<group>"; };
		1104F47A17754A6E003EAA2B /* Dsp.h */ = {isa = PBXFileReference; fileEncoding = 4; lastKnownFileType = sourcecode.c.h; path = Dsp.h; sourceTree = "<group>"; xcLanguageSpecificationIdentifier = xcode.lang.objcpp; };
		1104F47C17754A6E003EAA2B /* Fft.cpp */ = {isa = PBXFileReference; fileEncoding = 4; lastKnownFileType = sourcecode.cpp.cpp; path = Fft.cpp; sourceTree = "<group>"; };
		1104F47D17754A6E003EAA2B /* Fft.h */ = {isa = PBXFileReference; fileEncoding = 4; lastKnownFileType = sourcecode.c.h; path = Fft.h; sourceTree = "<group>"; };
		1104F47E17754A6E003EAA2B /* File.cpp */ = {isa = PBXFileReference; fileEncoding = 4; lastKnownFileType = sourcecode.cpp.cpp; path = File.cpp; sourceTree = "<group>"; };
		1104F47F17754A6E003EAA2B /* File.h */ = {isa = PBXFileReference; fileEncoding = 4; lastKnownFileType = sourcecode.c.h; path = File.h; sourceTree = "<group>"; };
		1104F48017754A6E003EAA2B /* NodeSource.cpp */ = {isa = PBXFileReference; fileEncoding = 4; lastKnownFileType = sourcecode.cpp.cpp; path = NodeSource.cpp; sourceTree = "<group>"; };
		1104F48117754A6E003EAA2B /* NodeSource.h */ = {isa = PBXFileReference; fileEncoding = 4; lastKnownFileType = sourcecode.c.h; path = NodeSource.h; sourceTree = "<group>"; xcLanguageSpecificationIdentifier = xcode.lang.objcpp; };
		1104F48317754A6E003EAA2B /* ContextXAudio.cpp */ = {isa = PBXFileReference; fileEncoding = 4; lastKnownFileType = sourcecode.cpp.cpp; path = ContextXAudio.cpp; sourceTree = "<group>"; };
		1104F48417754A6E003EAA2B /* ContextXAudio.h */ = {isa = PBXFileReference; fileEncoding = 4; lastKnownFileType = sourcecode.c.h; path = ContextXAudio.h; sourceTree = "<group>"; };
		1104F48717754A6E003EAA2B /* DeviceManagerWasapi.cpp */ = {isa = PBXFileReference; fileEncoding = 4; lastKnownFileType = sourcecode.cpp.cpp; path = DeviceManagerWasapi.cpp; sourceTree = "<group>"; };
		1104F48817754A6E003EAA2B /* DeviceManagerWasapi.h */ = {isa = PBXFileReference; fileEncoding = 4; lastKnownFileType = sourcecode.c.h; path = DeviceManagerWasapi.h; sourceTree = "<group>"; };
		1104F48B17754A6E003EAA2B /* FileMediaFoundation.cpp */ = {isa = PBXFileReference; fileEncoding = 4; lastKnownFileType = sourcecode.cpp.cpp; path = FileMediaFoundation.cpp; sourceTree = "<group>"; };
		1104F48C17754A6E003EAA2B /* FileMediaFoundation.h */ = {isa = PBXFileReference; fileEncoding = 4; lastKnownFileType = sourcecode.c.h; path = FileMediaFoundation.h; sourceTree = "<group>"; };
		1104F48D17754A6E003EAA2B /* util.cpp */ = {isa = PBXFileReference; fileEncoding = 4; lastKnownFileType = sourcecode.cpp.cpp; path = util.cpp; sourceTree = "<group>"; };
		1104F48E17754A6E003EAA2B /* util.h */ = {isa = PBXFileReference; fileEncoding = 4; lastKnownFileType = sourcecode.c.h; path = util.h; sourceTree = "<group>"; };
		1104F48F17754A6E003EAA2B /* xaudio.h */ = {isa = PBXFileReference; fileEncoding = 4; lastKnownFileType = sourcecode.c.h; path = xaudio.h; sourceTree = "<group>"; };
		1104F49217754A6E003EAA2B /* RingBuffer.h */ = {isa = PBXFileReference; fileEncoding = 4; lastKnownFileType = sourcecode.c.h; path = RingBuffer.h; sourceTree = "<group>"; };
		1115500D18026C9100D415BC /* ogg.h */ = {isa = PBXFileReference; fileEncoding = 4; lastKnownFileType = sourcecode.c.h; path = ogg.h; sourceTree = "<group>"; };
		1115500E18026C9100D415BC /* os_types.h */ = {isa = PBXFileReference; fileEncoding = 4; lastKnownFileType = sourcecode.c.h; path = os_types.h; sourceTree = "<group>"; };
		1115501218026C9100D415BC /* codec.h */ = {isa = PBXFileReference; fileEncoding = 4; lastKnownFileType = sourcecode.c.h; path = codec.h; sourceTree = "<group>"; };
		1115501318026C9100D415BC /* vorbisenc.h */ = {isa = PBXFileReference; fileEncoding = 4; lastKnownFileType = sourcecode.c.h; path = vorbisenc.h; sourceTree = "<group>"; };
		1115501418026C9100D415BC /* vorbisfile.h */ = {isa = PBXFileReference; fileEncoding = 4; lastKnownFileType = sourcecode.c.h; path = vorbisfile.h; sourceTree = "<group>"; };
		1115502318026CF400D415BC /* FileOggVorbis.cpp */ = {isa = PBXFileReference; fileEncoding = 4; lastKnownFileType = sourcecode.cpp.cpp; path = FileOggVorbis.cpp; sourceTree = "<group>"; };
		1115502418026CF400D415BC /* FileOggVorbis.h */ = {isa = PBXFileReference; fileEncoding = 4; lastKnownFileType = sourcecode.c.h; path = FileOggVorbis.h; sourceTree = "<group>"; };
		11446DAF17E64CCD00457AC6 /* NodeEffect.h */ = {isa = PBXFileReference; fileEncoding = 4; lastKnownFileType = sourcecode.c.h; path = NodeEffect.h; sourceTree = "<group>"; };
		11446DB017E64CCD00457AC6 /* Scope.cpp */ = {isa = PBXFileReference; fileEncoding = 4; lastKnownFileType = sourcecode.cpp.cpp; path = Scope.cpp; sourceTree = "<group>"; };
		11446DB117E64CCD00457AC6 /* Scope.h */ = {isa = PBXFileReference; fileEncoding = 4; lastKnownFileType = sourcecode.c.h; path = Scope.h; sourceTree = "<group>"; };
		11446DB217E64CCD00457AC6 /* NodeTarget.cpp */ = {isa = PBXFileReference; fileEncoding = 4; lastKnownFileType = sourcecode.cpp.cpp; path = NodeTarget.cpp; sourceTree = "<group>"; };
		11446DB317E64CCD00457AC6 /* NodeTarget.h */ = {isa = PBXFileReference; fileEncoding = 4; lastKnownFileType = sourcecode.c.h; path = NodeTarget.h; sourceTree = "<group>"; };
		114FE86A18032BF000C5841B /* bitwise.c */ = {isa = PBXFileReference; fileEncoding = 4; lastKnownFileType = sourcecode.c.c; path = bitwise.c; sourceTree = "<group>"; };
		114FE86B18032BF000C5841B /* framing.c */ = {isa = PBXFileReference; fileEncoding = 4; lastKnownFileType = sourcecode.c.c; path = framing.c; sourceTree = "<group>"; };
		114FE86D18032BF000C5841B /* analysis.c */ = {isa = PBXFileReference; fileEncoding = 4; lastKnownFileType = sourcecode.c.c; path = analysis.c; sourceTree = "<group>"; };
		114FE86E18032BF000C5841B /* backends.h */ = {isa = PBXFileReference; fileEncoding = 4; lastKnownFileType = sourcecode.c.h; path = backends.h; sourceTree = "<group>"; };
		114FE87018032BF000C5841B /* bitrate.c */ = {isa = PBXFileReference; fileEncoding = 4; lastKnownFileType = sourcecode.c.c; path = bitrate.c; sourceTree = "<group>"; };
		114FE87118032BF000C5841B /* bitrate.h */ = {isa = PBXFileReference; fileEncoding = 4; lastKnownFileType = sourcecode.c.h; path = bitrate.h; sourceTree = "<group>"; };
		114FE87218032BF000C5841B /* block.c */ = {isa = PBXFileReference; fileEncoding = 4; lastKnownFileType = sourcecode.c.c; path = block.c; sourceTree = "<group>"; };
		114FE87518032BF000C5841B /* res_books_51.h */ = {isa = PBXFileReference; fileEncoding = 4; lastKnownFileType = sourcecode.c.h; path = res_books_51.h; sourceTree = "<group>"; };
		114FE87618032BF000C5841B /* res_books_stereo.h */ = {isa = PBXFileReference; fileEncoding = 4; lastKnownFileType = sourcecode.c.h; path = res_books_stereo.h; sourceTree = "<group>"; };
		114FE87818032BF000C5841B /* floor_books.h */ = {isa = PBXFileReference; fileEncoding = 4; lastKnownFileType = sourcecode.c.h; path = floor_books.h; sourceTree = "<group>"; };
		114FE87A18032BF000C5841B /* res_books_uncoupled.h */ = {isa = PBXFileReference; fileEncoding = 4; lastKnownFileType = sourcecode.c.h; path = res_books_uncoupled.h; sourceTree = "<group>"; };
		114FE87B18032BF000C5841B /* codebook.c */ = {isa = PBXFileReference; fileEncoding = 4; lastKnownFileType = sourcecode.c.c; path = codebook.c; sourceTree = "<group>"; };
		114FE87C18032BF000C5841B /* codebook.h */ = {isa = PBXFileReference; fileEncoding = 4; lastKnownFileType = sourcecode.c.h; path = codebook.h; sourceTree = "<group>"; };
		114FE87D18032BF000C5841B /* codec_internal.h */ = {isa = PBXFileReference; fileEncoding = 4; lastKnownFileType = sourcecode.c.h; path = codec_internal.h; sourceTree = "<group>"; };
		114FE87E18032BF000C5841B /* envelope.c */ = {isa = PBXFileReference; fileEncoding = 4; lastKnownFileType = sourcecode.c.c; path = envelope.c; sourceTree = "<group>"; };
		114FE87F18032BF000C5841B /* envelope.h */ = {isa = PBXFileReference; fileEncoding = 4; lastKnownFileType = sourcecode.c.h; path = envelope.h; sourceTree = "<group>"; };
		114FE88018032BF000C5841B /* floor0.c */ = {isa = PBXFileReference; fileEncoding = 4; lastKnownFileType = sourcecode.c.c; path = floor0.c; sourceTree = "<group>"; };
		114FE88118032BF000C5841B /* floor1.c */ = {isa = PBXFileReference; fileEncoding = 4; lastKnownFileType = sourcecode.c.c; path = floor1.c; sourceTree = "<group>"; };
		114FE88218032BF000C5841B /* highlevel.h */ = {isa = PBXFileReference; fileEncoding = 4; lastKnownFileType = sourcecode.c.h; path = highlevel.h; sourceTree = "<group>"; };
		114FE88318032BF000C5841B /* info.c */ = {isa = PBXFileReference; fileEncoding = 4; lastKnownFileType = sourcecode.c.c; path = info.c; sourceTree = "<group>"; };
		114FE88418032BF000C5841B /* lookup.c */ = {isa = PBXFileReference; fileEncoding = 4; lastKnownFileType = sourcecode.c.c; path = lookup.c; sourceTree = "<group>"; };
		114FE88518032BF000C5841B /* lookup.h */ = {isa = PBXFileReference; fileEncoding = 4; lastKnownFileType = sourcecode.c.h; path = lookup.h; sourceTree = "<group>"; };
		114FE88618032BF000C5841B /* lookup_data.h */ = {isa = PBXFileReference; fileEncoding = 4; lastKnownFileType = sourcecode.c.h; path = lookup_data.h; sourceTree = "<group>"; };
		114FE88718032BF000C5841B /* lpc.c */ = {isa = PBXFileReference; fileEncoding = 4; lastKnownFileType = sourcecode.c.c; path = lpc.c; sourceTree = "<group>"; };
		114FE88818032BF000C5841B /* lpc.h */ = {isa = PBXFileReference; fileEncoding = 4; lastKnownFileType = sourcecode.c.h; path = lpc.h; sourceTree = "<group>"; };
		114FE88918032BF000C5841B /* lsp.c */ = {isa = PBXFileReference; fileEncoding = 4; lastKnownFileType = sourcecode.c.c; path = lsp.c; sourceTree = "<group>"; };
		114FE88A18032BF000C5841B /* lsp.h */ = {isa = PBXFileReference; fileEncoding = 4; lastKnownFileType = sourcecode.c.h; path = lsp.h; sourceTree = "<group>"; };
		114FE88B18032BF000C5841B /* mapping0.c */ = {isa = PBXFileReference; fileEncoding = 4; lastKnownFileType = sourcecode.c.c; path = mapping0.c; sourceTree = "<group>"; };
		114FE88C18032BF000C5841B /* masking.h */ = {isa = PBXFileReference; fileEncoding = 4; lastKnownFileType = sourcecode.c.h; path = masking.h; sourceTree = "<group>"; };
		114FE88D18032BF000C5841B /* mdct.c */ = {isa = PBXFileReference; fileEncoding = 4; lastKnownFileType = sourcecode.c.c; path = mdct.c; sourceTree = "<group>"; };
		114FE88E18032BF000C5841B /* mdct.h */ = {isa = PBXFileReference; fileEncoding = 4; lastKnownFileType = sourcecode.c.h; path = mdct.h; sourceTree = "<group>"; };
		114FE88F18032BF000C5841B /* misc.h */ = {isa = PBXFileReference; fileEncoding = 4; lastKnownFileType = sourcecode.c.h; path = misc.h; sourceTree = "<group>"; };
		114FE89118032BF000C5841B /* floor_all.h */ = {isa = PBXFileReference; fileEncoding = 4; lastKnownFileType = sourcecode.c.h; path = floor_all.h; sourceTree = "<group>"; };
		114FE89218032BF000C5841B /* psych_11.h */ = {isa = PBXFileReference; fileEncoding = 4; lastKnownFileType = sourcecode.c.h; path = psych_11.h; sourceTree = "<group>"; };
		114FE89318032BF000C5841B /* psych_16.h */ = {isa = PBXFileReference; fileEncoding = 4; lastKnownFileType = sourcecode.c.h; path = psych_16.h; sourceTree = "<group>"; };
		114FE89418032BF000C5841B /* psych_44.h */ = {isa = PBXFileReference; fileEncoding = 4; lastKnownFileType = sourcecode.c.h; path = psych_44.h; sourceTree = "<group>"; };
		114FE89518032BF000C5841B /* psych_8.h */ = {isa = PBXFileReference; fileEncoding = 4; lastKnownFileType = sourcecode.c.h; path = psych_8.h; sourceTree = "<group>"; };
		114FE89618032BF000C5841B /* residue_16.h */ = {isa = PBXFileReference; fileEncoding = 4; lastKnownFileType = sourcecode.c.h; path = residue_16.h; sourceTree = "<group>"; };
		114FE89718032BF000C5841B /* residue_44.h */ = {isa = PBXFileReference; fileEncoding = 4; lastKnownFileType = sourcecode.c.h; path = residue_44.h; sourceTree = "<group>"; };
		114FE89818032BF000C5841B /* residue_44p51.h */ = {isa = PBXFileReference; fileEncoding = 4; lastKnownFileType = sourcecode.c.h; path = residue_44p51.h; sourceTree = "<group>"; };
		114FE89918032BF000C5841B /* residue_44u.h */ = {isa = PBXFileReference; fileEncoding = 4; lastKnownFileType = sourcecode.c.h; path = residue_44u.h; sourceTree = "<group>"; };
		114FE89A18032BF000C5841B /* residue_8.h */ = {isa = PBXFileReference; fileEncoding = 4; lastKnownFileType = sourcecode.c.h; path = residue_8.h; sourceTree = "<group>"; };
		114FE89B18032BF000C5841B /* setup_11.h */ = {isa = PBXFileReference; fileEncoding = 4; lastKnownFileType = sourcecode.c.h; path = setup_11.h; sourceTree = "<group>"; };
		114FE89C18032BF000C5841B /* setup_16.h */ = {isa = PBXFileReference; fileEncoding = 4; lastKnownFileType = sourcecode.c.h; path = setup_16.h; sourceTree = "<group>"; };
		114FE89D18032BF000C5841B /* setup_22.h */ = {isa = PBXFileReference; fileEncoding = 4; lastKnownFileType = sourcecode.c.h; path = setup_22.h; sourceTree = "<group>"; };
		114FE89E18032BF000C5841B /* setup_32.h */ = {isa = PBXFileReference; fileEncoding = 4; lastKnownFileType = sourcecode.c.h; path = setup_32.h; sourceTree = "<group>"; };
		114FE89F18032BF000C5841B /* setup_44.h */ = {isa = PBXFileReference; fileEncoding = 4; lastKnownFileType = sourcecode.c.h; path = setup_44.h; sourceTree = "<group>"; };
		114FE8A018032BF000C5841B /* setup_44p51.h */ = {isa = PBXFileReference; fileEncoding = 4; lastKnownFileType = sourcecode.c.h; path = setup_44p51.h; sourceTree = "<group>"; };
		114FE8A118032BF000C5841B /* setup_44u.h */ = {isa = PBXFileReference; fileEncoding = 4; lastKnownFileType = sourcecode.c.h; path = setup_44u.h; sourceTree = "<group>"; };
		114FE8A218032BF000C5841B /* setup_8.h */ = {isa = PBXFileReference; fileEncoding = 4; lastKnownFileType = sourcecode.c.h; path = setup_8.h; sourceTree = "<group>"; };
		114FE8A318032BF000C5841B /* setup_X.h */ = {isa = PBXFileReference; fileEncoding = 4; lastKnownFileType = sourcecode.c.h; path = setup_X.h; sourceTree = "<group>"; };
		114FE8A418032BF000C5841B /* os.h */ = {isa = PBXFileReference; fileEncoding = 4; lastKnownFileType = sourcecode.c.h; path = os.h; sourceTree = "<group>"; };
		114FE8A518032BF000C5841B /* psy.c */ = {isa = PBXFileReference; fileEncoding = 4; lastKnownFileType = sourcecode.c.c; path = psy.c; sourceTree = "<group>"; };
		114FE8A618032BF000C5841B /* psy.h */ = {isa = PBXFileReference; fileEncoding = 4; lastKnownFileType = sourcecode.c.h; path = psy.h; sourceTree = "<group>"; };
		114FE8A818032BF000C5841B /* registry.c */ = {isa = PBXFileReference; fileEncoding = 4; lastKnownFileType = sourcecode.c.c; path = registry.c; sourceTree = "<group>"; };
		114FE8A918032BF000C5841B /* registry.h */ = {isa = PBXFileReference; fileEncoding = 4; lastKnownFileType = sourcecode.c.h; path = registry.h; sourceTree = "<group>"; };
		114FE8AA18032BF000C5841B /* res0.c */ = {isa = PBXFileReference; fileEncoding = 4; lastKnownFileType = sourcecode.c.c; path = res0.c; sourceTree = "<group>"; };
		114FE8AB18032BF000C5841B /* scales.h */ = {isa = PBXFileReference; fileEncoding = 4; lastKnownFileType = sourcecode.c.h; path = scales.h; sourceTree = "<group>"; };
		114FE8AC18032BF000C5841B /* sharedbook.c */ = {isa = PBXFileReference; fileEncoding = 4; lastKnownFileType = sourcecode.c.c; path = sharedbook.c; sourceTree = "<group>"; };
		114FE8AD18032BF000C5841B /* smallft.c */ = {isa = PBXFileReference; fileEncoding = 4; lastKnownFileType = sourcecode.c.c; path = smallft.c; sourceTree = "<group>"; };
		114FE8AE18032BF000C5841B /* smallft.h */ = {isa = PBXFileReference; fileEncoding = 4; lastKnownFileType = sourcecode.c.h; path = smallft.h; sourceTree = "<group>"; };
		114FE8AF18032BF000C5841B /* synthesis.c */ = {isa = PBXFileReference; fileEncoding = 4; lastKnownFileType = sourcecode.c.c; path = synthesis.c; sourceTree = "<group>"; };
		114FE8B118032BF000C5841B /* vorbisenc.c */ = {isa = PBXFileReference; fileEncoding = 4; lastKnownFileType = sourcecode.c.c; path = vorbisenc.c; sourceTree = "<group>"; };
		114FE8B218032BF000C5841B /* vorbisfile.c */ = {isa = PBXFileReference; fileEncoding = 4; lastKnownFileType = sourcecode.c.c; path = vorbisfile.c; sourceTree = "<group>"; };
		114FE8B318032BF000C5841B /* window.c */ = {isa = PBXFileReference; fileEncoding = 4; lastKnownFileType = sourcecode.c.c; path = window.c; sourceTree = "<group>"; };
		114FE8B418032BF000C5841B /* window.h */ = {isa = PBXFileReference; fileEncoding = 4; lastKnownFileType = sourcecode.c.h; path = window.h; sourceTree = "<group>"; };
		114FE979180371F100C5841B /* CDSPBlockConvolver.h */ = {isa = PBXFileReference; fileEncoding = 4; lastKnownFileType = sourcecode.c.h; path = CDSPBlockConvolver.h; sourceTree = "<group>"; };
		114FE97A180371F100C5841B /* CDSPFIRFilter.h */ = {isa = PBXFileReference; fileEncoding = 4; lastKnownFileType = sourcecode.c.h; path = CDSPFIRFilter.h; sourceTree = "<group>"; };
		114FE97B180371F100C5841B /* CDSPFracInterpolator.h */ = {isa = PBXFileReference; fileEncoding = 4; lastKnownFileType = sourcecode.c.h; path = CDSPFracInterpolator.h; sourceTree = "<group>"; };
		114FE97C180371F100C5841B /* CDSPRealFFT.h */ = {isa = PBXFileReference; fileEncoding = 4; lastKnownFileType = sourcecode.c.h; path = CDSPRealFFT.h; sourceTree = "<group>"; };
		114FE97D180371F100C5841B /* CDSPResampler.h */ = {isa = PBXFileReference; fileEncoding = 4; lastKnownFileType = sourcecode.c.h; path = CDSPResampler.h; sourceTree = "<group>"; };
		114FE97E180371F100C5841B /* CDSPSincFilterGen.h */ = {isa = PBXFileReference; fileEncoding = 4; lastKnownFileType = sourcecode.c.h; path = CDSPSincFilterGen.h; sourceTree = "<group>"; };
		114FE980180371F100C5841B /* fft4g.h */ = {isa = PBXFileReference; fileEncoding = 4; lastKnownFileType = sourcecode.c.h; path = fft4g.h; sourceTree = "<group>"; };
		114FE982180371F100C5841B /* r8bbase.cpp */ = {isa = PBXFileReference; fileEncoding = 4; lastKnownFileType = sourcecode.cpp.cpp; path = r8bbase.cpp; sourceTree = "<group>"; };
		114FE983180371F100C5841B /* r8bbase.h */ = {isa = PBXFileReference; fileEncoding = 4; lastKnownFileType = sourcecode.c.h; path = r8bbase.h; sourceTree = "<group>"; };
		114FE984180371F100C5841B /* r8bconf.h */ = {isa = PBXFileReference; fileEncoding = 4; lastKnownFileType = sourcecode.c.h; path = r8bconf.h; sourceTree = "<group>"; };
		114FE99B1803722600C5841B /* ConverterImplR8brain.cpp */ = {isa = PBXFileReference; fileEncoding = 4; lastKnownFileType = sourcecode.cpp.cpp; path = ConverterImplR8brain.cpp; sourceTree = "<group>"; };
		114FE99C1803722600C5841B /* ConverterImplR8brain.h */ = {isa = PBXFileReference; fileEncoding = 4; lastKnownFileType = sourcecode.c.h; path = ConverterImplR8brain.h; sourceTree = "<group>"; };
		114FE9A11806576400C5841B /* NodeEffect.cpp */ = {isa = PBXFileReference; fileEncoding = 4; lastKnownFileType = sourcecode.cpp.cpp; path = NodeEffect.cpp; sourceTree = "<group>"; };
		116607621834300C00CF96F0 /* Param.cpp */ = {isa = PBXFileReference; fileEncoding = 4; lastKnownFileType = sourcecode.cpp.cpp; path = Param.cpp; sourceTree = "<group>"; };
		116607631834300C00CF96F0 /* Param.h */ = {isa = PBXFileReference; fileEncoding = 4; lastKnownFileType = sourcecode.c.h; path = Param.h; sourceTree = "<group>"; };
		1180FD8917AB7CB70070AC30 /* Node.cpp */ = {isa = PBXFileReference; fileEncoding = 4; lastKnownFileType = sourcecode.cpp.cpp; path = Node.cpp; sourceTree = "<group>"; };
		1180FD8A17AB7CB70070AC30 /* Node.h */ = {isa = PBXFileReference; fileEncoding = 4; lastKnownFileType = sourcecode.c.h; path = Node.h; sourceTree = "<group>"; };
		118EB898180CF7D500E056C5 /* Exception.h */ = {isa = PBXFileReference; fileEncoding = 4; lastKnownFileType = sourcecode.c.h; path = Exception.h; sourceTree = "<group>"; };
		118EB8E6180F871F00E056C5 /* Biquad.cpp */ = {isa = PBXFileReference; fileEncoding = 4; lastKnownFileType = sourcecode.cpp.cpp; path = Biquad.cpp; sourceTree = "<group>"; };
		118EB8E7180F871F00E056C5 /* Biquad.h */ = {isa = PBXFileReference; fileEncoding = 4; lastKnownFileType = sourcecode.c.h; path = Biquad.h; sourceTree = "<group>"; };
		118EB8EC180F984B00E056C5 /* NodeFilter.cpp */ = {isa = PBXFileReference; fileEncoding = 4; lastKnownFileType = sourcecode.cpp.cpp; path = NodeFilter.cpp; sourceTree = "<group>"; };
		118EB8ED180F984B00E056C5 /* NodeFilter.h */ = {isa = PBXFileReference; fileEncoding = 4; lastKnownFileType = sourcecode.c.h; path = NodeFilter.h; sourceTree = "<group>"; };
		11A669ED17E9623B003DF9B1 /* CinderAssert.cpp */ = {isa = PBXFileReference; fileEncoding = 4; lastKnownFileType = sourcecode.cpp.cpp; path = CinderAssert.cpp; sourceTree = "<group>"; };
		11AB735A17FD277700B29C5F /* Converter.cpp */ = {isa = PBXFileReference; fileEncoding = 4; lastKnownFileType = sourcecode.cpp.cpp; path = Converter.cpp; sourceTree = "<group>"; };
		11AB735B17FD277700B29C5F /* Converter.h */ = {isa = PBXFileReference; fileEncoding = 4; lastKnownFileType = sourcecode.c.h; path = Converter.h; sourceTree = "<group>"; };
		11B041B2179B8A0C0034BEE2 /* CinderAssert.h */ = {isa = PBXFileReference; fileEncoding = 4; lastKnownFileType = sourcecode.c.h; path = CinderAssert.h; sourceTree = "<group>"; };
		11B0421C179B90450034BEE2 /* libAudio2-ios.a */ = {isa = PBXFileReference; explicitFileType = archive.ar; includeInIndex = 0; path = "libAudio2-ios.a"; sourceTree = BUILT_PRODUCTS_DIR; };
		11C58DE7177943DA00DF99F8 /* CinderCoreAudio.cpp */ = {isa = PBXFileReference; fileEncoding = 4; lastKnownFileType = sourcecode.cpp.cpp; path = CinderCoreAudio.cpp; sourceTree = "<group>"; };
		11C58DE8177943DA00DF99F8 /* CinderCoreAudio.h */ = {isa = PBXFileReference; fileEncoding = 4; lastKnownFileType = sourcecode.c.h; path = CinderCoreAudio.h; sourceTree = "<group>"; };
		11D6945E17D0475000B0D2BB /* fftsg.cpp */ = {isa = PBXFileReference; fileEncoding = 4; lastKnownFileType = sourcecode.cpp.cpp; name = fftsg.cpp; path = ooura/fftsg.cpp; sourceTree = "<group>"; };
		11D6945F17D0475000B0D2BB /* fftsg.h */ = {isa = PBXFileReference; fileEncoding = 4; lastKnownFileType = sourcecode.c.h; name = fftsg.h; path = ooura/fftsg.h; sourceTree = "<group>"; };
/* End PBXFileReference section */

/* Begin PBXFrameworksBuildPhase section */
		1104F3C617753F10003EAA2B /* Frameworks */ = {
			isa = PBXFrameworksBuildPhase;
			buildActionMask = 2147483647;
			files = (
			);
			runOnlyForDeploymentPostprocessing = 0;
		};
		11B04202179B90450034BEE2 /* Frameworks */ = {
			isa = PBXFrameworksBuildPhase;
			buildActionMask = 2147483647;
			files = (
			);
			runOnlyForDeploymentPostprocessing = 0;
		};
/* End PBXFrameworksBuildPhase section */

/* Begin PBXGroup section */
		1104F3C017753F10003EAA2B = {
			isa = PBXGroup;
			children = (
				1115500B18026C4D00D415BC /* include */,
				1104F46017754A6E003EAA2B /* src */,
				1104F3CB17753F10003EAA2B /* Frameworks */,
				1104F3CA17753F10003EAA2B /* Products */,
			);
			sourceTree = "<group>";
		};
		1104F3CA17753F10003EAA2B /* Products */ = {
			isa = PBXGroup;
			children = (
				1104F3C917753F10003EAA2B /* libAudio2.a */,
				11B0421C179B90450034BEE2 /* libAudio2-ios.a */,
			);
			name = Products;
			sourceTree = "<group>";
		};
		1104F3CB17753F10003EAA2B /* Frameworks */ = {
			isa = PBXGroup;
			children = (
				1104F3CC17753F10003EAA2B /* Cocoa.framework */,
				1104F3CE17753F10003EAA2B /* Other Frameworks */,
			);
			name = Frameworks;
			sourceTree = "<group>";
		};
		1104F3CE17753F10003EAA2B /* Other Frameworks */ = {
			isa = PBXGroup;
			children = (
				1104F3CF17753F10003EAA2B /* Foundation.framework */,
			);
			name = "Other Frameworks";
			sourceTree = "<group>";
		};
		1104F46017754A6E003EAA2B /* src */ = {
			isa = PBXGroup;
			children = (
				1104F46117754A6E003EAA2B /* audio2 */,
				114FE86818032BF000C5841B /* oggvorbis */,
				114FE978180371F100C5841B /* r8brain */,
			);
			name = src;
			path = ../src;
			sourceTree = "<group>";
		};
		1104F46117754A6E003EAA2B /* audio2 */ = {
			isa = PBXGroup;
			children = (
				1104F46717754A6E003EAA2B /* cocoa */,
				1104F48217754A6E003EAA2B /* msw */,
				11D6945D17D0436A00B0D2BB /* ooura */,
				1104F46417754A6E003EAA2B /* audio.cpp */,
				1104F46517754A6E003EAA2B /* audio.h */,
				118EB8E6180F871F00E056C5 /* Biquad.cpp */,
				118EB8E7180F871F00E056C5 /* Biquad.h */,
				1104F46617754A6E003EAA2B /* Buffer.h */,
				11B041B2179B8A0C0034BEE2 /* CinderAssert.h */,
				11A669ED17E9623B003DF9B1 /* CinderAssert.cpp */,
				1104F47417754A6E003EAA2B /* Context.cpp */,
				1104F47517754A6E003EAA2B /* Context.h */,
				11AB735A17FD277700B29C5F /* Converter.cpp */,
				11AB735B17FD277700B29C5F /* Converter.h */,
				114FE99B1803722600C5841B /* ConverterImplR8brain.cpp */,
				114FE99C1803722600C5841B /* ConverterImplR8brain.h */,
				1104F47617754A6E003EAA2B /* Debug.h */,
				1104F47717754A6E003EAA2B /* Device.cpp */,
				1104F47817754A6E003EAA2B /* Device.h */,
				1104F47917754A6E003EAA2B /* Dsp.cpp */,
				1104F47A17754A6E003EAA2B /* Dsp.h */,
				118EB898180CF7D500E056C5 /* Exception.h */,
				1104F47C17754A6E003EAA2B /* Fft.cpp */,
				1104F47D17754A6E003EAA2B /* Fft.h */,
				1104F47E17754A6E003EAA2B /* File.cpp */,
				1104F47F17754A6E003EAA2B /* File.h */,
				1115502318026CF400D415BC /* FileOggVorbis.cpp */,
				1115502418026CF400D415BC /* FileOggVorbis.h */,
				1180FD8917AB7CB70070AC30 /* Node.cpp */,
				1180FD8A17AB7CB70070AC30 /* Node.h */,
				114FE9A11806576400C5841B /* NodeEffect.cpp */,
				11446DAF17E64CCD00457AC6 /* NodeEffect.h */,
				118EB8EC180F984B00E056C5 /* NodeFilter.cpp */,
				118EB8ED180F984B00E056C5 /* NodeFilter.h */,
				1104F48017754A6E003EAA2B /* NodeSource.cpp */,
				1104F48117754A6E003EAA2B /* NodeSource.h */,
				116607621834300C00CF96F0 /* Param.cpp */,
				116607631834300C00CF96F0 /* Param.h */,
				11446DB017E64CCD00457AC6 /* Scope.cpp */,
				11446DB117E64CCD00457AC6 /* Scope.h */,
				11446DB217E64CCD00457AC6 /* NodeTarget.cpp */,
				11446DB317E64CCD00457AC6 /* NodeTarget.h */,
				1104F49217754A6E003EAA2B /* RingBuffer.h */,
			);
			path = audio2;
			sourceTree = "<group>";
		};
		1104F46717754A6E003EAA2B /* cocoa */ = {
			isa = PBXGroup;
			children = (
				1104F46817754A6E003EAA2B /* ContextAudioUnit.cpp */,
				1104F46917754A6E003EAA2B /* ContextAudioUnit.h */,
				1104F46C17754A6E003EAA2B /* DeviceManagerAudioSession.cpp */,
				1104F46D17754A6E003EAA2B /* DeviceManagerAudioSession.h */,
				1104F46E17754A6E003EAA2B /* DeviceManagerCoreAudio.cpp */,
				1104F46F17754A6E003EAA2B /* DeviceManagerCoreAudio.h */,
				1104F47017754A6E003EAA2B /* FileCoreAudio.cpp */,
				1104F47117754A6E003EAA2B /* FileCoreAudio.h */,
				11C58DE7177943DA00DF99F8 /* CinderCoreAudio.cpp */,
				11C58DE8177943DA00DF99F8 /* CinderCoreAudio.h */,
			);
			path = cocoa;
			sourceTree = "<group>";
		};
		1104F48217754A6E003EAA2B /* msw */ = {
			isa = PBXGroup;
			children = (
				1104F48317754A6E003EAA2B /* ContextXAudio.cpp */,
				1104F48417754A6E003EAA2B /* ContextXAudio.h */,
				1104F48717754A6E003EAA2B /* DeviceManagerWasapi.cpp */,
				1104F48817754A6E003EAA2B /* DeviceManagerWasapi.h */,
				1104F48B17754A6E003EAA2B /* FileMediaFoundation.cpp */,
				1104F48C17754A6E003EAA2B /* FileMediaFoundation.h */,
				1104F48D17754A6E003EAA2B /* util.cpp */,
				1104F48E17754A6E003EAA2B /* util.h */,
				1104F48F17754A6E003EAA2B /* xaudio.h */,
			);
			path = msw;
			sourceTree = "<group>";
		};
		11154FB51802641C00D415BC /* oggvorbis */ = {
			isa = PBXGroup;
			children = (
				1115500C18026C9100D415BC /* ogg */,
				1115501118026C9100D415BC /* vorbis */,
			);
			name = oggvorbis;
			path = ../src/audio2;
			sourceTree = "<group>";
		};
		1115500B18026C4D00D415BC /* include */ = {
			isa = PBXGroup;
			children = (
				11154FB51802641C00D415BC /* oggvorbis */,
			);
			name = include;
			sourceTree = "<group>";
		};
		1115500C18026C9100D415BC /* ogg */ = {
			isa = PBXGroup;
			children = (
				1115500D18026C9100D415BC /* ogg.h */,
				1115500E18026C9100D415BC /* os_types.h */,
			);
			name = ogg;
			path = ../../include/oggvorbis/ogg;
			sourceTree = "<group>";
		};
		1115501118026C9100D415BC /* vorbis */ = {
			isa = PBXGroup;
			children = (
				1115501218026C9100D415BC /* codec.h */,
				1115501318026C9100D415BC /* vorbisenc.h */,
				1115501418026C9100D415BC /* vorbisfile.h */,
			);
			name = vorbis;
			path = ../../include/oggvorbis/vorbis;
			sourceTree = "<group>";
		};
		114FE86818032BF000C5841B /* oggvorbis */ = {
			isa = PBXGroup;
			children = (
				114FE86918032BF000C5841B /* ogg */,
				114FE86C18032BF000C5841B /* vorbis */,
			);
			path = oggvorbis;
			sourceTree = "<group>";
		};
		114FE86918032BF000C5841B /* ogg */ = {
			isa = PBXGroup;
			children = (
				114FE86A18032BF000C5841B /* bitwise.c */,
				114FE86B18032BF000C5841B /* framing.c */,
			);
			path = ogg;
			sourceTree = "<group>";
		};
		114FE86C18032BF000C5841B /* vorbis */ = {
			isa = PBXGroup;
			children = (
				114FE86D18032BF000C5841B /* analysis.c */,
				114FE86E18032BF000C5841B /* backends.h */,
				114FE87018032BF000C5841B /* bitrate.c */,
				114FE87118032BF000C5841B /* bitrate.h */,
				114FE87218032BF000C5841B /* block.c */,
				114FE87318032BF000C5841B /* books */,
				114FE87B18032BF000C5841B /* codebook.c */,
				114FE87C18032BF000C5841B /* codebook.h */,
				114FE87D18032BF000C5841B /* codec_internal.h */,
				114FE87E18032BF000C5841B /* envelope.c */,
				114FE87F18032BF000C5841B /* envelope.h */,
				114FE88018032BF000C5841B /* floor0.c */,
				114FE88118032BF000C5841B /* floor1.c */,
				114FE88218032BF000C5841B /* highlevel.h */,
				114FE88318032BF000C5841B /* info.c */,
				114FE88418032BF000C5841B /* lookup.c */,
				114FE88518032BF000C5841B /* lookup.h */,
				114FE88618032BF000C5841B /* lookup_data.h */,
				114FE88718032BF000C5841B /* lpc.c */,
				114FE88818032BF000C5841B /* lpc.h */,
				114FE88918032BF000C5841B /* lsp.c */,
				114FE88A18032BF000C5841B /* lsp.h */,
				114FE88B18032BF000C5841B /* mapping0.c */,
				114FE88C18032BF000C5841B /* masking.h */,
				114FE88D18032BF000C5841B /* mdct.c */,
				114FE88E18032BF000C5841B /* mdct.h */,
				114FE88F18032BF000C5841B /* misc.h */,
				114FE89018032BF000C5841B /* modes */,
				114FE8A418032BF000C5841B /* os.h */,
				114FE8A518032BF000C5841B /* psy.c */,
				114FE8A618032BF000C5841B /* psy.h */,
				114FE8A818032BF000C5841B /* registry.c */,
				114FE8A918032BF000C5841B /* registry.h */,
				114FE8AA18032BF000C5841B /* res0.c */,
				114FE8AB18032BF000C5841B /* scales.h */,
				114FE8AC18032BF000C5841B /* sharedbook.c */,
				114FE8AD18032BF000C5841B /* smallft.c */,
				114FE8AE18032BF000C5841B /* smallft.h */,
				114FE8AF18032BF000C5841B /* synthesis.c */,
				114FE8B118032BF000C5841B /* vorbisenc.c */,
				114FE8B218032BF000C5841B /* vorbisfile.c */,
				114FE8B318032BF000C5841B /* window.c */,
				114FE8B418032BF000C5841B /* window.h */,
			);
			path = vorbis;
			sourceTree = "<group>";
		};
		114FE87318032BF000C5841B /* books */ = {
			isa = PBXGroup;
			children = (
				114FE87418032BF000C5841B /* coupled */,
				114FE87718032BF000C5841B /* floor */,
				114FE87918032BF000C5841B /* uncoupled */,
			);
			path = books;
			sourceTree = "<group>";
		};
		114FE87418032BF000C5841B /* coupled */ = {
			isa = PBXGroup;
			children = (
				114FE87518032BF000C5841B /* res_books_51.h */,
				114FE87618032BF000C5841B /* res_books_stereo.h */,
			);
			path = coupled;
			sourceTree = "<group>";
		};
		114FE87718032BF000C5841B /* floor */ = {
			isa = PBXGroup;
			children = (
				114FE87818032BF000C5841B /* floor_books.h */,
			);
			path = floor;
			sourceTree = "<group>";
		};
		114FE87918032BF000C5841B /* uncoupled */ = {
			isa = PBXGroup;
			children = (
				114FE87A18032BF000C5841B /* res_books_uncoupled.h */,
			);
			path = uncoupled;
			sourceTree = "<group>";
		};
		114FE89018032BF000C5841B /* modes */ = {
			isa = PBXGroup;
			children = (
				114FE89118032BF000C5841B /* floor_all.h */,
				114FE89218032BF000C5841B /* psych_11.h */,
				114FE89318032BF000C5841B /* psych_16.h */,
				114FE89418032BF000C5841B /* psych_44.h */,
				114FE89518032BF000C5841B /* psych_8.h */,
				114FE89618032BF000C5841B /* residue_16.h */,
				114FE89718032BF000C5841B /* residue_44.h */,
				114FE89818032BF000C5841B /* residue_44p51.h */,
				114FE89918032BF000C5841B /* residue_44u.h */,
				114FE89A18032BF000C5841B /* residue_8.h */,
				114FE89B18032BF000C5841B /* setup_11.h */,
				114FE89C18032BF000C5841B /* setup_16.h */,
				114FE89D18032BF000C5841B /* setup_22.h */,
				114FE89E18032BF000C5841B /* setup_32.h */,
				114FE89F18032BF000C5841B /* setup_44.h */,
				114FE8A018032BF000C5841B /* setup_44p51.h */,
				114FE8A118032BF000C5841B /* setup_44u.h */,
				114FE8A218032BF000C5841B /* setup_8.h */,
				114FE8A318032BF000C5841B /* setup_X.h */,
			);
			path = modes;
			sourceTree = "<group>";
		};
		114FE978180371F100C5841B /* r8brain */ = {
			isa = PBXGroup;
			children = (
				114FE979180371F100C5841B /* CDSPBlockConvolver.h */,
				114FE97A180371F100C5841B /* CDSPFIRFilter.h */,
				114FE97B180371F100C5841B /* CDSPFracInterpolator.h */,
				114FE97C180371F100C5841B /* CDSPRealFFT.h */,
				114FE97D180371F100C5841B /* CDSPResampler.h */,
				114FE97E180371F100C5841B /* CDSPSincFilterGen.h */,
				114FE980180371F100C5841B /* fft4g.h */,
				114FE982180371F100C5841B /* r8bbase.cpp */,
				114FE983180371F100C5841B /* r8bbase.h */,
				114FE984180371F100C5841B /* r8bconf.h */,
			);
			path = r8brain;
			sourceTree = "<group>";
		};
		11D6945D17D0436A00B0D2BB /* ooura */ = {
			isa = PBXGroup;
			children = (
				11D6945E17D0475000B0D2BB /* fftsg.cpp */,
				11D6945F17D0475000B0D2BB /* fftsg.h */,
			);
			name = ooura;
			sourceTree = "<group>";
		};
/* End PBXGroup section */

/* Begin PBXHeadersBuildPhase section */
		1104F3C717753F10003EAA2B /* Headers */ = {
			isa = PBXHeadersBuildPhase;
			buildActionMask = 2147483647;
			files = (
				114FE8F318032BF100C5841B /* mdct.h in Headers */,
				114FE90118032BF100C5841B /* residue_16.h in Headers */,
				114FE8E718032BF100C5841B /* lpc.h in Headers */,
				114FE90318032BF100C5841B /* residue_44.h in Headers */,
				114FE8D518032BF100C5841B /* envelope.h in Headers */,
				1115501518026C9100D415BC /* ogg.h in Headers */,
				1104F4A917754A6E003EAA2B /* Debug.h in Headers */,
				114FE997180371F100C5841B /* r8bbase.h in Headers */,
				114FE8CF18032BF100C5841B /* codebook.h in Headers */,
				114FE8EF18032BF100C5841B /* masking.h in Headers */,
				118EB8EA180F871F00E056C5 /* Biquad.h in Headers */,
				114FE987180371F100C5841B /* CDSPFIRFilter.h in Headers */,
				114FE98F180371F100C5841B /* CDSPSincFilterGen.h in Headers */,
				114FE92718032BF100C5841B /* registry.h in Headers */,
				1115501D18026C9100D415BC /* codec.h in Headers */,
				114FE8F918032BF100C5841B /* psych_11.h in Headers */,
				1115501718026C9100D415BC /* os_types.h in Headers */,
				114FE985180371F100C5841B /* CDSPBlockConvolver.h in Headers */,
				114FE999180371F100C5841B /* r8bconf.h in Headers */,
				114FE91318032BF100C5841B /* setup_44.h in Headers */,
				1104F49C17754A6E003EAA2B /* ContextAudioUnit.h in Headers */,
				114FE90B18032BF100C5841B /* setup_11.h in Headers */,
				114FE8F518032BF100C5841B /* misc.h in Headers */,
				118EB899180CF7D500E056C5 /* Exception.h in Headers */,
				114FE91D18032BF100C5841B /* os.h in Headers */,
				114FE93D18032BF100C5841B /* window.h in Headers */,
				114FE98B180371F100C5841B /* CDSPRealFFT.h in Headers */,
				11C58DEA177943DA00DF99F8 /* CinderCoreAudio.h in Headers */,
				114FE8E118032BF100C5841B /* lookup.h in Headers */,
				11D6946217D0475000B0D2BB /* fftsg.h in Headers */,
				114FE90718032BF100C5841B /* residue_44u.h in Headers */,
				114FE90518032BF100C5841B /* residue_44p51.h in Headers */,
				1115501F18026C9100D415BC /* vorbisenc.h in Headers */,
				11446DBC17E64CCD00457AC6 /* NodeTarget.h in Headers */,
				1104F4B417754A6E003EAA2B /* NodeSource.h in Headers */,
				114FE8E318032BF100C5841B /* lookup_data.h in Headers */,
				114FE90F18032BF100C5841B /* setup_22.h in Headers */,
				1104F4B217754A6E003EAA2B /* File.h in Headers */,
				11446DB817E64CCD00457AC6 /* Scope.h in Headers */,
				1104F4A817754A6E003EAA2B /* Context.h in Headers */,
				114FE8F718032BF100C5841B /* floor_all.h in Headers */,
				114FE8FF18032BF100C5841B /* psych_8.h in Headers */,
				114FE91518032BF100C5841B /* setup_44p51.h in Headers */,
				114FE93118032BF100C5841B /* smallft.h in Headers */,
				1104F4AD17754A6E003EAA2B /* Dsp.h in Headers */,
				1104F49A17754A6E003EAA2B /* Buffer.h in Headers */,
				1104F4A217754A6E003EAA2B /* DeviceManagerCoreAudio.h in Headers */,
				114FE91718032BF100C5841B /* setup_44u.h in Headers */,
				114FE8C518032BF100C5841B /* res_books_51.h in Headers */,
				1104F49917754A6E003EAA2B /* audio.h in Headers */,
				114FE92118032BF100C5841B /* psy.h in Headers */,
				114FE90918032BF100C5841B /* residue_8.h in Headers */,
				114FE91918032BF100C5841B /* setup_8.h in Headers */,
				114FE8FB18032BF100C5841B /* psych_16.h in Headers */,
				1104F4B017754A6E003EAA2B /* Fft.h in Headers */,
				11B041B3179B8A0C0034BEE2 /* CinderAssert.h in Headers */,
				114FE8DB18032BF100C5841B /* highlevel.h in Headers */,
				1115502718026CF400D415BC /* FileOggVorbis.h in Headers */,
				118EB8F0180F984B00E056C5 /* NodeFilter.h in Headers */,
				114FE8CB18032BF100C5841B /* res_books_uncoupled.h in Headers */,
				114FE99F1803722600C5841B /* ConverterImplR8brain.h in Headers */,
				114FE8EB18032BF100C5841B /* lsp.h in Headers */,
				1104F4C417754A6E003EAA2B /* RingBuffer.h in Headers */,
				114FE989180371F100C5841B /* CDSPFracInterpolator.h in Headers */,
				1180FD8D17AB7CB70070AC30 /* Node.h in Headers */,
				11446DB417E64CCD00457AC6 /* NodeEffect.h in Headers */,
				114FE8D118032BF100C5841B /* codec_internal.h in Headers */,
				114FE91B18032BF100C5841B /* setup_X.h in Headers */,
				114FE98D180371F100C5841B /* CDSPResampler.h in Headers */,
				114FE8FD18032BF100C5841B /* psych_44.h in Headers */,
				1104F4A417754A6E003EAA2B /* FileCoreAudio.h in Headers */,
				114FE993180371F100C5841B /* fft4g.h in Headers */,
				1104F4AB17754A6E003EAA2B /* Device.h in Headers */,
				114FE91118032BF100C5841B /* setup_32.h in Headers */,
				1115502118026C9100D415BC /* vorbisfile.h in Headers */,
				114FE8C118032BF100C5841B /* bitrate.h in Headers */,
				116607661834300C00CF96F0 /* Param.h in Headers */,
				114FE92B18032BF100C5841B /* scales.h in Headers */,
				114FE8BB18032BF100C5841B /* backends.h in Headers */,
				114FE8C918032BF100C5841B /* floor_books.h in Headers */,
				114FE8C718032BF100C5841B /* res_books_stereo.h in Headers */,
				114FE90D18032BF100C5841B /* setup_16.h in Headers */,
			);
			runOnlyForDeploymentPostprocessing = 0;
		};
		11B04203179B90450034BEE2 /* Headers */ = {
			isa = PBXHeadersBuildPhase;
			buildActionMask = 2147483647;
			files = (
				114FE8F418032BF100C5841B /* mdct.h in Headers */,
				114FE90218032BF100C5841B /* residue_16.h in Headers */,
				114FE8E818032BF100C5841B /* lpc.h in Headers */,
				114FE90418032BF100C5841B /* residue_44.h in Headers */,
				114FE8D618032BF100C5841B /* envelope.h in Headers */,
				1115501618026C9100D415BC /* ogg.h in Headers */,
				11B04204179B90450034BEE2 /* Debug.h in Headers */,
				114FE998180371F100C5841B /* r8bbase.h in Headers */,
				114FE8D018032BF100C5841B /* codebook.h in Headers */,
				114FE8F018032BF100C5841B /* masking.h in Headers */,
				118EB8EB180F871F00E056C5 /* Biquad.h in Headers */,
				114FE988180371F100C5841B /* CDSPFIRFilter.h in Headers */,
				114FE990180371F100C5841B /* CDSPSincFilterGen.h in Headers */,
				114FE92818032BF100C5841B /* registry.h in Headers */,
				1115501E18026C9100D415BC /* codec.h in Headers */,
				114FE8FA18032BF100C5841B /* psych_11.h in Headers */,
				1115501818026C9100D415BC /* os_types.h in Headers */,
				114FE986180371F100C5841B /* CDSPBlockConvolver.h in Headers */,
				114FE99A180371F100C5841B /* r8bconf.h in Headers */,
				114FE91418032BF100C5841B /* setup_44.h in Headers */,
				11B04206179B90450034BEE2 /* ContextAudioUnit.h in Headers */,
				114FE90C18032BF100C5841B /* setup_11.h in Headers */,
				114FE8F618032BF100C5841B /* misc.h in Headers */,
				118EB89A180CF7D500E056C5 /* Exception.h in Headers */,
				114FE91E18032BF100C5841B /* os.h in Headers */,
				114FE93E18032BF100C5841B /* window.h in Headers */,
				114FE98C180371F100C5841B /* CDSPRealFFT.h in Headers */,
				11B04208179B90450034BEE2 /* CinderCoreAudio.h in Headers */,
				114FE8E218032BF100C5841B /* lookup.h in Headers */,
				11D6946317D0475000B0D2BB /* fftsg.h in Headers */,
				114FE90818032BF100C5841B /* residue_44u.h in Headers */,
				114FE90618032BF100C5841B /* residue_44p51.h in Headers */,
				1115502018026C9100D415BC /* vorbisenc.h in Headers */,
				11446DBD17E64CCD00457AC6 /* NodeTarget.h in Headers */,
				11B04209179B90450034BEE2 /* NodeSource.h in Headers */,
				114FE8E418032BF100C5841B /* lookup_data.h in Headers */,
				114FE91018032BF100C5841B /* setup_22.h in Headers */,
				11B0420A179B90450034BEE2 /* File.h in Headers */,
				11446DB917E64CCD00457AC6 /* Scope.h in Headers */,
				11B0420B179B90450034BEE2 /* Context.h in Headers */,
				114FE8F818032BF100C5841B /* floor_all.h in Headers */,
				114FE90018032BF100C5841B /* psych_8.h in Headers */,
				114FE91618032BF100C5841B /* setup_44p51.h in Headers */,
				114FE93218032BF100C5841B /* smallft.h in Headers */,
				11B0420C179B90450034BEE2 /* Dsp.h in Headers */,
				11B0420D179B90450034BEE2 /* Buffer.h in Headers */,
				11B0420E179B90450034BEE2 /* DeviceManagerCoreAudio.h in Headers */,
				114FE91818032BF100C5841B /* setup_44u.h in Headers */,
				114FE8C618032BF100C5841B /* res_books_51.h in Headers */,
				11B0420F179B90450034BEE2 /* audio.h in Headers */,
				114FE92218032BF100C5841B /* psy.h in Headers */,
				114FE90A18032BF100C5841B /* residue_8.h in Headers */,
				114FE91A18032BF100C5841B /* setup_8.h in Headers */,
				114FE8FC18032BF100C5841B /* psych_16.h in Headers */,
				11B04210179B90450034BEE2 /* Fft.h in Headers */,
				11B04212179B90450034BEE2 /* CinderAssert.h in Headers */,
				114FE8DC18032BF100C5841B /* highlevel.h in Headers */,
				1115502818026CF400D415BC /* FileOggVorbis.h in Headers */,
				118EB8F1180F984B00E056C5 /* NodeFilter.h in Headers */,
				114FE8CC18032BF100C5841B /* res_books_uncoupled.h in Headers */,
				114FE9A01803722600C5841B /* ConverterImplR8brain.h in Headers */,
				114FE8EC18032BF100C5841B /* lsp.h in Headers */,
				11B04213179B90450034BEE2 /* RingBuffer.h in Headers */,
				114FE98A180371F100C5841B /* CDSPFracInterpolator.h in Headers */,
				1180FD8E17AB7CB70070AC30 /* Node.h in Headers */,
				11446DB517E64CCD00457AC6 /* NodeEffect.h in Headers */,
				114FE8D218032BF100C5841B /* codec_internal.h in Headers */,
				114FE91C18032BF100C5841B /* setup_X.h in Headers */,
				114FE98E180371F100C5841B /* CDSPResampler.h in Headers */,
				114FE8FE18032BF100C5841B /* psych_44.h in Headers */,
				11B04215179B90450034BEE2 /* FileCoreAudio.h in Headers */,
				114FE994180371F100C5841B /* fft4g.h in Headers */,
				11B04218179B90450034BEE2 /* Device.h in Headers */,
				114FE91218032BF100C5841B /* setup_32.h in Headers */,
				1115502218026C9100D415BC /* vorbisfile.h in Headers */,
				114FE8C218032BF100C5841B /* bitrate.h in Headers */,
				116607671834300C00CF96F0 /* Param.h in Headers */,
				114FE92C18032BF100C5841B /* scales.h in Headers */,
				114FE8BC18032BF100C5841B /* backends.h in Headers */,
				114FE8CA18032BF100C5841B /* floor_books.h in Headers */,
				114FE8C818032BF100C5841B /* res_books_stereo.h in Headers */,
				114FE90E18032BF100C5841B /* setup_16.h in Headers */,
			);
			runOnlyForDeploymentPostprocessing = 0;
		};
/* End PBXHeadersBuildPhase section */

/* Begin PBXNativeTarget section */
		1104F3C817753F10003EAA2B /* Audio2-mac */ = {
			isa = PBXNativeTarget;
			buildConfigurationList = 1104F3ED17753F10003EAA2B /* Build configuration list for PBXNativeTarget "Audio2-mac" */;
			buildPhases = (
				1104F3C517753F10003EAA2B /* Sources */,
				1104F3C617753F10003EAA2B /* Frameworks */,
				1104F3C717753F10003EAA2B /* Headers */,
			);
			buildRules = (
			);
			dependencies = (
			);
			name = "Audio2-mac";
			productName = Audio2Mac;
			productReference = 1104F3C917753F10003EAA2B /* libAudio2.a */;
			productType = "com.apple.product-type.library.static";
		};
		11B041F2179B90450034BEE2 /* Audio2-ios */ = {
			isa = PBXNativeTarget;
			buildConfigurationList = 11B04219179B90450034BEE2 /* Build configuration list for PBXNativeTarget "Audio2-ios" */;
			buildPhases = (
				11B041F3179B90450034BEE2 /* Sources */,
				11B04202179B90450034BEE2 /* Frameworks */,
				11B04203179B90450034BEE2 /* Headers */,
			);
			buildRules = (
			);
			dependencies = (
			);
			name = "Audio2-ios";
			productName = Audio2Mac;
			productReference = 11B0421C179B90450034BEE2 /* libAudio2-ios.a */;
			productType = "com.apple.product-type.library.static";
		};
/* End PBXNativeTarget section */

/* Begin PBXProject section */
		1104F3C117753F10003EAA2B /* Project object */ = {
			isa = PBXProject;
			attributes = {
				LastUpgradeCheck = 0500;
				ORGANIZATIONNAME = Racoon;
			};
			buildConfigurationList = 1104F3C417753F10003EAA2B /* Build configuration list for PBXProject "Audio2" */;
			compatibilityVersion = "Xcode 3.2";
			developmentRegion = English;
			hasScannedForEncodings = 0;
			knownRegions = (
				en,
			);
			mainGroup = 1104F3C017753F10003EAA2B;
			productRefGroup = 1104F3CA17753F10003EAA2B /* Products */;
			projectDirPath = "";
			projectRoot = "";
			targets = (
				1104F3C817753F10003EAA2B /* Audio2-mac */,
				11B041F2179B90450034BEE2 /* Audio2-ios */,
			);
		};
/* End PBXProject section */

/* Begin PBXSourcesBuildPhase section */
		1104F3C517753F10003EAA2B /* Sources */ = {
			isa = PBXSourcesBuildPhase;
			buildActionMask = 2147483647;
			files = (
				114FE92F18032BF100C5841B /* smallft.c in Sources */,
				114FE92918032BF100C5841B /* res0.c in Sources */,
				116607641834300C00CF96F0 /* Param.cpp in Sources */,
				114FE8E918032BF100C5841B /* lsp.c in Sources */,
				114FE93918032BF100C5841B /* vorbisfile.c in Sources */,
				114FE92518032BF100C5841B /* registry.c in Sources */,
				1115502518026CF400D415BC /* FileOggVorbis.cpp in Sources */,
				114FE8CD18032BF100C5841B /* codebook.c in Sources */,
				114FE93718032BF100C5841B /* vorbisenc.c in Sources */,
				114FE8B518032BF100C5841B /* bitwise.c in Sources */,
				1104F4B317754A6E003EAA2B /* NodeSource.cpp in Sources */,
				11C58DE9177943DA00DF99F8 /* CinderCoreAudio.cpp in Sources */,
				118EB8EE180F984B00E056C5 /* NodeFilter.cpp in Sources */,
				114FE93318032BF100C5841B /* synthesis.c in Sources */,
				114FE8DD18032BF100C5841B /* info.c in Sources */,
				1104F4AC17754A6E003EAA2B /* Dsp.cpp in Sources */,
				114FE8C318032BF100C5841B /* block.c in Sources */,
				114FE8BF18032BF100C5841B /* bitrate.c in Sources */,
				114FE8D318032BF100C5841B /* envelope.c in Sources */,
				114FE8B718032BF100C5841B /* framing.c in Sources */,
				11A669EE17E9623B003DF9B1 /* CinderAssert.cpp in Sources */,
				113E630E17FFBDF5007FFCF7 /* Converter.cpp in Sources */,
				118EB8E8180F871F00E056C5 /* Biquad.cpp in Sources */,
				11D6946017D0475000B0D2BB /* fftsg.cpp in Sources */,
				114FE8F118032BF100C5841B /* mdct.c in Sources */,
				1104F4AA17754A6E003EAA2B /* Device.cpp in Sources */,
				1104F4A717754A6E003EAA2B /* Context.cpp in Sources */,
				114FE91F18032BF100C5841B /* psy.c in Sources */,
				114FE8D718032BF100C5841B /* floor0.c in Sources */,
				114FE8B918032BF100C5841B /* analysis.c in Sources */,
				1104F49B17754A6E003EAA2B /* ContextAudioUnit.cpp in Sources */,
				114FE8D918032BF100C5841B /* floor1.c in Sources */,
				114FE8E518032BF100C5841B /* lpc.c in Sources */,
				11446DB617E64CCD00457AC6 /* Scope.cpp in Sources */,
				1180FD8B17AB7CB70070AC30 /* Node.cpp in Sources */,
				114FE93B18032BF100C5841B /* window.c in Sources */,
				114FE92D18032BF100C5841B /* sharedbook.c in Sources */,
				11B0421E179B92D10034BEE2 /* DeviceManagerCoreAudio.cpp in Sources */,
				114FE8ED18032BF100C5841B /* mapping0.c in Sources */,
				114FE8DF18032BF100C5841B /* lookup.c in Sources */,
				114FE995180371F100C5841B /* r8bbase.cpp in Sources */,
				1104F4AF17754A6E003EAA2B /* Fft.cpp in Sources */,
				11446DBA17E64CCD00457AC6 /* NodeTarget.cpp in Sources */,
				1104F49817754A6E003EAA2B /* audio.cpp in Sources */,
				114FE99D1803722600C5841B /* ConverterImplR8brain.cpp in Sources */,
				1104F4A317754A6E003EAA2B /* FileCoreAudio.cpp in Sources */,
				114FE9A21806576400C5841B /* NodeEffect.cpp in Sources */,
				1104F4B117754A6E003EAA2B /* File.cpp in Sources */,
			);
			runOnlyForDeploymentPostprocessing = 0;
		};
		11B041F3179B90450034BEE2 /* Sources */ = {
			isa = PBXSourcesBuildPhase;
			buildActionMask = 2147483647;
			files = (
				114FE93018032BF100C5841B /* smallft.c in Sources */,
				114FE92A18032BF100C5841B /* res0.c in Sources */,
				116607651834300C00CF96F0 /* Param.cpp in Sources */,
				114FE8EA18032BF100C5841B /* lsp.c in Sources */,
				114FE93A18032BF100C5841B /* vorbisfile.c in Sources */,
				114FE92618032BF100C5841B /* registry.c in Sources */,
				1115502618026CF400D415BC /* FileOggVorbis.cpp in Sources */,
				114FE8CE18032BF100C5841B /* codebook.c in Sources */,
				114FE93818032BF100C5841B /* vorbisenc.c in Sources */,
				114FE8B618032BF100C5841B /* bitwise.c in Sources */,
				11B0421D179B92CB0034BEE2 /* DeviceManagerAudioSession.cpp in Sources */,
				11B041F4179B90450034BEE2 /* NodeSource.cpp in Sources */,
				118EB8EF180F984B00E056C5 /* NodeFilter.cpp in Sources */,
				114FE93418032BF100C5841B /* synthesis.c in Sources */,
				114FE8DE18032BF100C5841B /* info.c in Sources */,
				11B041F6179B90450034BEE2 /* CinderCoreAudio.cpp in Sources */,
				114FE8C418032BF100C5841B /* block.c in Sources */,
				114FE8C018032BF100C5841B /* bitrate.c in Sources */,
				114FE8D418032BF100C5841B /* envelope.c in Sources */,
				114FE8B818032BF100C5841B /* framing.c in Sources */,
				11A669EF17E9623B003DF9B1 /* CinderAssert.cpp in Sources */,
				113E630D17FFBDF4007FFCF7 /* Converter.cpp in Sources */,
				118EB8E9180F871F00E056C5 /* Biquad.cpp in Sources */,
				11D6946117D0475000B0D2BB /* fftsg.cpp in Sources */,
				114FE8F218032BF100C5841B /* mdct.c in Sources */,
				11B041F7179B90450034BEE2 /* Dsp.cpp in Sources */,
				11B041F8179B90450034BEE2 /* Device.cpp in Sources */,
				114FE92018032BF100C5841B /* psy.c in Sources */,
				114FE8D818032BF100C5841B /* floor0.c in Sources */,
				114FE8BA18032BF100C5841B /* analysis.c in Sources */,
				11B041FA179B90450034BEE2 /* Context.cpp in Sources */,
				114FE8DA18032BF100C5841B /* floor1.c in Sources */,
				114FE8E618032BF100C5841B /* lpc.c in Sources */,
				11B041FB179B90450034BEE2 /* ContextAudioUnit.cpp in Sources */,
				11446DB717E64CCD00457AC6 /* Scope.cpp in Sources */,
				1180FD8C17AB7CB70070AC30 /* Node.cpp in Sources */,
				114FE93C18032BF100C5841B /* window.c in Sources */,
				114FE92E18032BF100C5841B /* sharedbook.c in Sources */,
				114FE8EE18032BF100C5841B /* mapping0.c in Sources */,
				114FE8E018032BF100C5841B /* lookup.c in Sources */,
				114FE996180371F100C5841B /* r8bbase.cpp in Sources */,
				11B041FD179B90450034BEE2 /* Fft.cpp in Sources */,
				11446DBB17E64CCD00457AC6 /* NodeTarget.cpp in Sources */,
				11B041FE179B90450034BEE2 /* audio.cpp in Sources */,
				114FE99E1803722600C5841B /* ConverterImplR8brain.cpp in Sources */,
				11B041FF179B90450034BEE2 /* FileCoreAudio.cpp in Sources */,
				114FE9A31806576400C5841B /* NodeEffect.cpp in Sources */,
				11B04201179B90450034BEE2 /* File.cpp in Sources */,
			);
			runOnlyForDeploymentPostprocessing = 0;
		};
/* End PBXSourcesBuildPhase section */

/* Begin XCBuildConfiguration section */
		1104F3EB17753F10003EAA2B /* Debug */ = {
			isa = XCBuildConfiguration;
			buildSettings = {
				ALWAYS_SEARCH_USER_PATHS = NO;
				ARCHS = "$(ARCHS_STANDARD_32_64_BIT)";
				CINDER_PATH = ../../../cinder;
				CINDER_PATH_RICH = ../cinder;
				CLANG_CXX_LANGUAGE_STANDARD = "c++0x";
				CLANG_CXX_LIBRARY = "libc++";
				CLANG_ENABLE_MODULES = NO;
				CLANG_WARN_BOOL_CONVERSION = YES;
				CLANG_WARN_CONSTANT_CONVERSION = YES;
				CLANG_WARN_DIRECT_OBJC_ISA_USAGE = YES_ERROR;
				CLANG_WARN_EMPTY_BODY = YES;
				CLANG_WARN_ENUM_CONVERSION = YES;
				CLANG_WARN_INT_CONVERSION = YES;
				CLANG_WARN_OBJC_ROOT_CLASS = YES_ERROR;
				CLANG_WARN__DUPLICATE_METHOD_MATCH = YES;
				COPY_PHASE_STRIP = NO;
				GCC_C_LANGUAGE_STANDARD = "compiler-default";
				GCC_DYNAMIC_NO_PIC = NO;
				GCC_INLINES_ARE_PRIVATE_EXTERN = YES;
				GCC_OPTIMIZATION_LEVEL = 0;
				GCC_PREPROCESSOR_DEFINITIONS = (
					"DEBUG=1",
					"$(inherited)",
				);
				GCC_SYMBOLS_PRIVATE_EXTERN = NO;
				GCC_WARN_64_TO_32_BIT_CONVERSION = YES;
				GCC_WARN_ABOUT_RETURN_TYPE = YES_ERROR;
				GCC_WARN_UNDECLARED_SELECTOR = YES;
				GCC_WARN_UNINITIALIZED_AUTOS = YES;
				GCC_WARN_UNUSED_FUNCTION = YES;
				GCC_WARN_UNUSED_VARIABLE = YES;
				GENERATE_MASTER_OBJECT_FILE = YES;
				HEADER_SEARCH_PATHS = (
					"\"$(CINDER_PATH)/boost\"",
					"\"$(CINDER_PATH_RICH)/boost\"",
					../include/oggvorbis,
				);
				LINK_WITH_STANDARD_LIBRARIES = NO;
				MACOSX_DEPLOYMENT_TARGET = 10.7;
				ONLY_ACTIVE_ARCH = NO;
				SDKROOT = macosx;
				USER_HEADER_SEARCH_PATHS = "\"$(CINDER_PATH)/include\" \"$(CINDER_PATH)/include\" \"$(CINDER_PATH_RICH)/include\" \"$(CINDER_PATH_RICH)/boost\" ../src ../src/oggvorbis/vorbis";
			};
			name = Debug;
		};
		1104F3EC17753F10003EAA2B /* Release */ = {
			isa = XCBuildConfiguration;
			buildSettings = {
				ALWAYS_SEARCH_USER_PATHS = NO;
				ARCHS = "$(ARCHS_STANDARD_32_64_BIT)";
				CINDER_PATH = ../../../cinder;
				CINDER_PATH_RICH = ../cinder;
				CLANG_CXX_LANGUAGE_STANDARD = "c++0x";
				CLANG_CXX_LIBRARY = "libc++";
				CLANG_ENABLE_MODULES = NO;
				CLANG_WARN_BOOL_CONVERSION = YES;
				CLANG_WARN_CONSTANT_CONVERSION = YES;
				CLANG_WARN_DIRECT_OBJC_ISA_USAGE = YES_ERROR;
				CLANG_WARN_EMPTY_BODY = YES;
				CLANG_WARN_ENUM_CONVERSION = YES;
				CLANG_WARN_INT_CONVERSION = YES;
				CLANG_WARN_OBJC_ROOT_CLASS = YES_ERROR;
				CLANG_WARN__DUPLICATE_METHOD_MATCH = YES;
				COPY_PHASE_STRIP = YES;
				DEBUG_INFORMATION_FORMAT = "dwarf-with-dsym";
				ENABLE_NS_ASSERTIONS = NO;
				GCC_C_LANGUAGE_STANDARD = "compiler-default";
				GCC_INLINES_ARE_PRIVATE_EXTERN = YES;
				GCC_WARN_64_TO_32_BIT_CONVERSION = YES;
				GCC_WARN_ABOUT_RETURN_TYPE = YES_ERROR;
				GCC_WARN_UNDECLARED_SELECTOR = YES;
				GCC_WARN_UNINITIALIZED_AUTOS = YES;
				GCC_WARN_UNUSED_FUNCTION = YES;
				GCC_WARN_UNUSED_VARIABLE = YES;
				GENERATE_MASTER_OBJECT_FILE = YES;
				HEADER_SEARCH_PATHS = (
					"\"$(CINDER_PATH)/boost\"",
					"\"$(CINDER_PATH_RICH)/boost\"",
					../include/oggvorbis,
				);
				LINK_WITH_STANDARD_LIBRARIES = NO;
				MACOSX_DEPLOYMENT_TARGET = 10.7;
				SDKROOT = macosx;
				USER_HEADER_SEARCH_PATHS = "\"$(CINDER_PATH)/include\" \"$(CINDER_PATH)/include\" \"$(CINDER_PATH_RICH)/include\" \"$(CINDER_PATH_RICH)/boost\" ../src ../src/oggvorbis/vorbis";
			};
			name = Release;
		};
		1104F3EE17753F10003EAA2B /* Debug */ = {
			isa = XCBuildConfiguration;
			buildSettings = {
				GCC_DYNAMIC_NO_PIC = YES;
				GCC_PRECOMPILE_PREFIX_HEADER = NO;
				LIBRARY_SEARCH_PATHS = (
					"$(inherited)",
					"/Users/r/code/cinder/audio-rewrite/audio2/lib/macosx",
				);
				OTHER_LDFLAGS = "";
				PRODUCT_NAME = Audio2;
			};
			name = Debug;
		};
		1104F3EF17753F10003EAA2B /* Release */ = {
			isa = XCBuildConfiguration;
			buildSettings = {
				GCC_DYNAMIC_NO_PIC = YES;
				GCC_PRECOMPILE_PREFIX_HEADER = NO;
				LIBRARY_SEARCH_PATHS = (
					"$(inherited)",
					"/Users/r/code/cinder/audio-rewrite/audio2/lib/macosx",
				);
				OTHER_LDFLAGS = "";
				PRODUCT_NAME = Audio2;
			};
			name = Release;
		};
		11B0421A179B90450034BEE2 /* Debug */ = {
			isa = XCBuildConfiguration;
			buildSettings = {
				ARCHS = "$(ARCHS_STANDARD)";
				GCC_DYNAMIC_NO_PIC = YES;
				GCC_PRECOMPILE_PREFIX_HEADER = NO;
				IPHONEOS_DEPLOYMENT_TARGET = 5.0;
				ONLY_ACTIVE_ARCH = NO;
				PRODUCT_NAME = "Audio2-ios";
				SDKROOT = iphoneos;
				TARGETED_DEVICE_FAMILY = "1,2";
			};
			name = Debug;
		};
		11B0421B179B90450034BEE2 /* Release */ = {
			isa = XCBuildConfiguration;
			buildSettings = {
				ARCHS = "$(ARCHS_STANDARD)";
				GCC_DYNAMIC_NO_PIC = YES;
				GCC_PRECOMPILE_PREFIX_HEADER = NO;
				IPHONEOS_DEPLOYMENT_TARGET = 5.0;
				PRODUCT_NAME = "Audio2-ios";
				SDKROOT = iphoneos;
				TARGETED_DEVICE_FAMILY = "1,2";
			};
			name = Release;
		};
/* End XCBuildConfiguration section */

/* Begin XCConfigurationList section */
		1104F3C417753F10003EAA2B /* Build configuration list for PBXProject "Audio2" */ = {
			isa = XCConfigurationList;
			buildConfigurations = (
				1104F3EB17753F10003EAA2B /* Debug */,
				1104F3EC17753F10003EAA2B /* Release */,
			);
			defaultConfigurationIsVisible = 0;
			defaultConfigurationName = Release;
		};
		1104F3ED17753F10003EAA2B /* Build configuration list for PBXNativeTarget "Audio2-mac" */ = {
			isa = XCConfigurationList;
			buildConfigurations = (
				1104F3EE17753F10003EAA2B /* Debug */,
				1104F3EF17753F10003EAA2B /* Release */,
			);
			defaultConfigurationIsVisible = 0;
			defaultConfigurationName = Release;
		};
		11B04219179B90450034BEE2 /* Build configuration list for PBXNativeTarget "Audio2-ios" */ = {
			isa = XCConfigurationList;
			buildConfigurations = (
				11B0421A179B90450034BEE2 /* Debug */,
				11B0421B179B90450034BEE2 /* Release */,
			);
			defaultConfigurationIsVisible = 0;
			defaultConfigurationName = Release;
		};
/* End XCConfigurationList section */
	};
	rootObject = 1104F3C117753F10003EAA2B /* Project object */;
}
