<Project ToolsVersion="4.0" xmlns="http://schemas.microsoft.com/developer/msbuild/2003">
  <ItemGroup>
    <Filter Include="Source Files">
      <UniqueIdentifier>{4FC737F1-C7A5-4376-A066-2A32D752A2FF}</UniqueIdentifier>
      <Extensions>cpp;c;cc;cxx;def;odl;idl;hpj;bat;asm;asmx</Extensions>
    </Filter>
    <Filter Include="Header Files">
      <UniqueIdentifier>{93995380-89BD-4b04-88EB-625FBE52EBFB}</UniqueIdentifier>
      <Extensions>h;hpp;hxx;hm;inl;inc;xsd</Extensions>
    </Filter>
    <Filter Include="Resource Files">
      <UniqueIdentifier>{67DA6AB6-F800-4c08-8B7A-83BB121AAD01}</UniqueIdentifier>
      <Extensions>rc;ico;cur;bmp;dlg;rc2;rct;bin;rgs;gif;jpg;jpeg;jpe;resx;tiff;tif;png;wav</Extensions>
    </Filter>
    <Filter Include="Blocks">
      <UniqueIdentifier>{39BCEBA2-9D23-4982-AACB-1AC845FC3C52}</UniqueIdentifier>
    </Filter>
    <Filter Include="Blocks\Audio2">
      <UniqueIdentifier>{790F63E6-2793-4E7A-8F6B-07F6F5D6AE0D}</UniqueIdentifier>
    </Filter>
    <Filter Include="Blocks\Audio2\src">
      <UniqueIdentifier>{6815CCEC-DDFF-4519-8C1A-8AAD98705DA1}</UniqueIdentifier>
    </Filter>
    <Filter Include="Blocks\Audio2\src\audio2">
      <UniqueIdentifier>{F76E5C06-E115-4359-B8E3-F85D958B09D1}</UniqueIdentifier>
    </Filter>
  </ItemGroup>
  <ItemGroup>
    <ClCompile Include="..\src\EffectTestApp.cpp">
      <Filter>Source Files</Filter>
    </ClCompile>
    <ClCompile Include="..\src\EffectTestApp.cpp">
      <Filter>Source Files</Filter>
    </ClCompile>
    <ClInclude Include="..\include\Resources.h">
      <Filter>Header Files</Filter>
    </ClInclude>
    <ClInclude Include="..\..\..\..\..\cinder-dev\blocks\audio2\src\Gui.h">
      <Filter>Blocks\Audio2\src</Filter>
    </ClInclude>
    <ClInclude Include="..\..\..\..\..\cinder-dev\blocks\audio2\src\audio2\assert.h">
      <Filter>Blocks\Audio2\src\audio2</Filter>
    </ClInclude>
    <ClInclude Include="..\..\..\..\..\cinder-dev\blocks\audio2\src\audio2\Atomic.h">
      <Filter>Blocks\Audio2\src\audio2</Filter>
    </ClInclude>
    <ClInclude Include="..\..\..\..\..\cinder-dev\blocks\audio2\src\audio2\audio.h">
      <Filter>Blocks\Audio2\src\audio2</Filter>
    </ClInclude>
    <ClInclude Include="..\..\..\..\..\cinder-dev\blocks\audio2\src\audio2\Debug.h">
      <Filter>Blocks\Audio2\src\audio2</Filter>
    </ClInclude>
    <ClInclude Include="..\..\..\..\..\cinder-dev\blocks\audio2\src\audio2\Device.h">
      <Filter>Blocks\Audio2\src\audio2</Filter>
    </ClInclude>
    <ClInclude Include="..\..\..\..\..\cinder-dev\blocks\audio2\src\audio2\DeviceAudioUnit.h">
      <Filter>Blocks\Audio2\src\audio2</Filter>
    </ClInclude>
    <ClInclude Include="..\..\..\..\..\cinder-dev\blocks\audio2\src\audio2\DeviceManagerAudioSession.h">
      <Filter>Blocks\Audio2\src\audio2</Filter>
    </ClInclude>
    <ClInclude Include="..\..\..\..\..\cinder-dev\blocks\audio2\src\audio2\DeviceManagerCoreAudio.h">
      <Filter>Blocks\Audio2\src\audio2</Filter>
    </ClInclude>
    <ClInclude Include="..\..\..\..\..\cinder-dev\blocks\audio2\src\audio2\Engine.h">
      <Filter>Blocks\Audio2\src\audio2</Filter>
    </ClInclude>
    <ClInclude Include="..\..\..\..\..\cinder-dev\blocks\audio2\src\audio2\EngineAudioUnit.h">
      <Filter>Blocks\Audio2\src\audio2</Filter>
    </ClInclude>
    <ClInclude Include="..\..\..\..\..\cinder-dev\blocks\audio2\src\audio2\Graph.h">
      <Filter>Blocks\Audio2\src\audio2</Filter>
    </ClInclude>
    <ClInclude Include="..\..\..\..\..\cinder-dev\blocks\audio2\src\audio2\GraphAudioUnit.h">
      <Filter>Blocks\Audio2\src\audio2</Filter>
    </ClInclude>
    <ClInclude Include="..\..\..\..\..\cinder-dev\blocks\audio2\src\audio2\RingBuffer.h">
      <Filter>Blocks\Audio2\src\audio2</Filter>
    </ClInclude>
    <ClInclude Include="..\..\..\..\..\cinder-dev\blocks\audio2\src\audio2\UGen.h">
      <Filter>Blocks\Audio2\src\audio2</Filter>
    </ClInclude>
    <ClCompile Include="..\..\..\..\..\cinder-dev\blocks\audio2\src\audio2\audio.cpp">
      <Filter>Blocks\Audio2\src\audio2</Filter>
    </ClCompile>
    <ClCompile Include="..\..\..\..\..\cinder-dev\blocks\audio2\src\audio2\Device.cpp">
      <Filter>Blocks\Audio2\src\audio2</Filter>
    </ClCompile>
    <ClCompile Include="..\..\..\..\..\cinder-dev\blocks\audio2\src\audio2\DeviceAudioUnit.cpp">
      <Filter>Blocks\Audio2\src\audio2</Filter>
    </ClCompile>
    <ClCompile Include="..\..\..\..\..\cinder-dev\blocks\audio2\src\audio2\DeviceManagerAudioSession.cpp">
      <Filter>Blocks\Audio2\src\audio2</Filter>
    </ClCompile>
    <ClCompile Include="..\..\..\..\..\cinder-dev\blocks\audio2\src\audio2\DeviceManagerCoreAudio.cpp">
      <Filter>Blocks\Audio2\src\audio2</Filter>
    </ClCompile>
    <ClCompile Include="..\..\..\..\..\cinder-dev\blocks\audio2\src\audio2\Engine.cpp">
      <Filter>Blocks\Audio2\src\audio2</Filter>
    </ClCompile>
    <ClCompile Include="..\..\..\..\..\cinder-dev\blocks\audio2\src\audio2\EngineAudioUnit.cpp">
      <Filter>Blocks\Audio2\src\audio2</Filter>
    </ClCompile>
    <ClCompile Include="..\..\..\..\..\cinder-dev\blocks\audio2\src\audio2\Graph.cpp">
      <Filter>Blocks\Audio2\src\audio2</Filter>
    </ClCompile>
    <ClCompile Include="..\..\..\..\..\cinder-dev\blocks\audio2\src\audio2\GraphAudioUnit.cpp">
      <Filter>Blocks\Audio2\src\audio2</Filter>
    </ClCompile>
  </ItemGroup>
  <ItemGroup>
    <ClInclude Include="..\include\Resources.h">
      <Filter>Header Files</Filter>
    </ClInclude>
  </ItemGroup>
  <ItemGroup>
    <ResourceCompile Include="Resources.rc">
      <Filter>Resource Files</Filter>
    </ResourceCompile>
  </ItemGroup>
</Project>
